// !$*UTF8*$!
{
	archiveVersion = 1;
	classes = {
	};
	objectVersion = 52;
	objects = {

/* Begin PBXBuildFile section */
		43BD3E0A876476E8B46FC1C9 /* Pods_Online_Printing_Online_PrintingUITests.framework in Frameworks */ = {isa = PBXBuildFile; fileRef = 769AA0F5869DDFBA4E06E884 /* Pods_Online_Printing_Online_PrintingUITests.framework */; };
		8F9E5DAC4B8A7EBA77277496 /* Pods_Online_PrintingTests.framework in Frameworks */ = {isa = PBXBuildFile; fileRef = DEF225BEBC8B4861FB5E73DB /* Pods_Online_PrintingTests.framework */; };
		C50D0887C560CD1427353BBD /* Pods_Online_Printing.framework in Frameworks */ = {isa = PBXBuildFile; fileRef = 14430420797D92E9F4A82CCF /* Pods_Online_Printing.framework */; };
		FF046548252FB96300D7460D /* SelectedCategory.swift in Sources */ = {isa = PBXBuildFile; fileRef = FF046547252FB96300D7460D /* SelectedCategory.swift */; };
		FF11E530257E8E4B00ED4389 /* Specs.swift in Sources */ = {isa = PBXBuildFile; fileRef = FF11E52F257E8E4B00ED4389 /* Specs.swift */; };
		FF11E53D257EC7D300ED4389 /* LaunchScreen.storyboard in Resources */ = {isa = PBXBuildFile; fileRef = FF11E53C257EC7D300ED4389 /* LaunchScreen.storyboard */; };
		FF1B451F2582809100A6E639 /* AuthView.swift in Sources */ = {isa = PBXBuildFile; fileRef = FF1B451E2582809100A6E639 /* AuthView.swift */; };
		FF1B4524258280AC00A6E639 /* AuthService.swift in Sources */ = {isa = PBXBuildFile; fileRef = FF1B4523258280AC00A6E639 /* AuthService.swift */; };
		FF1B4529258280C500A6E639 /* AuthViewModel.swift in Sources */ = {isa = PBXBuildFile; fileRef = FF1B4528258280C500A6E639 /* AuthViewModel.swift */; };
		FF1B45312582974C00A6E639 /* AuthBackground.swift in Sources */ = {isa = PBXBuildFile; fileRef = FF1B45302582974C00A6E639 /* AuthBackground.swift */; };
		FF3FDA79259CB39C005DEE31 /* AdditionalFunctionality.swift in Sources */ = {isa = PBXBuildFile; fileRef = FF3FDA78259CB39C005DEE31 /* AdditionalFunctionality.swift */; };
		FF3FDA8D259D4E05005DEE31 /* ConfirmPaymentRequest.swift in Sources */ = {isa = PBXBuildFile; fileRef = FF3FDA8C259D4E05005DEE31 /* ConfirmPaymentRequest.swift */; };
		FF3FDA92259D4E09005DEE31 /* ConfirmPaymentResponse.swift in Sources */ = {isa = PBXBuildFile; fileRef = FF3FDA91259D4E09005DEE31 /* ConfirmPaymentResponse.swift */; };
		FF3FDA97259D4E0E005DEE31 /* InitPaymentRequest.swift in Sources */ = {isa = PBXBuildFile; fileRef = FF3FDA96259D4E0E005DEE31 /* InitPaymentRequest.swift */; };
		FF3FDA9C259D4E10005DEE31 /* InitPaymentResponse.swift in Sources */ = {isa = PBXBuildFile; fileRef = FF3FDA9B259D4E10005DEE31 /* InitPaymentResponse.swift */; };
		FF3FDAA1259D4E15005DEE31 /* PaymentDetailsRequest.swift in Sources */ = {isa = PBXBuildFile; fileRef = FF3FDAA0259D4E15005DEE31 /* PaymentDetailsRequest.swift */; };
		FF3FDAA6259D4E18005DEE31 /* PaymentDetailsResponse.swift in Sources */ = {isa = PBXBuildFile; fileRef = FF3FDAA5259D4E18005DEE31 /* PaymentDetailsResponse.swift */; };
		FF3FDAAB259D4E1D005DEE31 /* RedirectResponse.swift in Sources */ = {isa = PBXBuildFile; fileRef = FF3FDAAA259D4E1D005DEE31 /* RedirectResponse.swift */; };
		FF3FDAB0259D4E22005DEE31 /* URLS.swift in Sources */ = {isa = PBXBuildFile; fileRef = FF3FDAAF259D4E22005DEE31 /* URLS.swift */; };
		FF4136DC252FAFFF00345FF7 /* CategoryViewModel.swift in Sources */ = {isa = PBXBuildFile; fileRef = FF4136DB252FAFFF00345FF7 /* CategoryViewModel.swift */; };
		FF4136E4252FB14500345FF7 /* SingleCategoryPreview.swift in Sources */ = {isa = PBXBuildFile; fileRef = FF4136E3252FB14500345FF7 /* SingleCategoryPreview.swift */; };
		FF6405D9251FD1FB0062DA9B /* AppDelegate.swift in Sources */ = {isa = PBXBuildFile; fileRef = FF6405D8251FD1FB0062DA9B /* AppDelegate.swift */; };
		FF6405E2251FD5C10062DA9B /* CategoryService.swift in Sources */ = {isa = PBXBuildFile; fileRef = FF6405E1251FD5C10062DA9B /* CategoryService.swift */; };
		FF6405EA251FD6070062DA9B /* CategoryModel.swift in Sources */ = {isa = PBXBuildFile; fileRef = FF6405E9251FD6070062DA9B /* CategoryModel.swift */; };
		FF69EBF52567F33000939256 /* MainViewModel.swift in Sources */ = {isa = PBXBuildFile; fileRef = FF69EBF42567F33000939256 /* MainViewModel.swift */; };
		FF69EBFA2567F34900939256 /* UploadService.swift in Sources */ = {isa = PBXBuildFile; fileRef = FF69EBF92567F34900939256 /* UploadService.swift */; };
		FF7FADFE257FE6B900FDB32E /* Cart.swift in Sources */ = {isa = PBXBuildFile; fileRef = FF7FADFD257FE6B900FDB32E /* Cart.swift */; };
		FF7FAE0E2580052A00FDB32E /* CartItemModel.swift in Sources */ = {isa = PBXBuildFile; fileRef = FF7FAE0D2580052A00FDB32E /* CartItemModel.swift */; };
		FF7FAE16258006FD00FDB32E /* Home.swift in Sources */ = {isa = PBXBuildFile; fileRef = FF7FAE15258006FD00FDB32E /* Home.swift */; };
		FF7FAE3E25815B0600FDB32E /* .gitignore in Resources */ = {isa = PBXBuildFile; fileRef = FF7FAE3D25815B0600FDB32E /* .gitignore */; };
		FFB81EB02593D001007554B5 /* McLaren-Regular.ttf in Resources */ = {isa = PBXBuildFile; fileRef = FFB81EAF2593D001007554B5 /* McLaren-Regular.ttf */; };
		FFBCD092259542C600339448 /* AlertX in Frameworks */ = {isa = PBXBuildFile; productRef = FFBCD091259542C600339448 /* AlertX */; };
		FFBEE38E253CE419001EF94F /* Loading.swift in Sources */ = {isa = PBXBuildFile; fileRef = FFBEE38D253CE419001EF94F /* Loading.swift */; };
		FFDA65E5259E5A3F00C6EF97 /* Checkout.swift in Sources */ = {isa = PBXBuildFile; fileRef = FFDA65E4259E5A3F00C6EF97 /* Checkout.swift */; };
		FFDFC6E0251FCEBA0088190E /* Online_PrintingApp.swift in Sources */ = {isa = PBXBuildFile; fileRef = FFDFC6DF251FCEBA0088190E /* Online_PrintingApp.swift */; };
		FFDFC6E2251FCEBA0088190E /* ContentView.swift in Sources */ = {isa = PBXBuildFile; fileRef = FFDFC6E1251FCEBA0088190E /* ContentView.swift */; };
		FFDFC6E4251FCEBB0088190E /* Assets.xcassets in Resources */ = {isa = PBXBuildFile; fileRef = FFDFC6E3251FCEBB0088190E /* Assets.xcassets */; };
		FFDFC6E7251FCEBB0088190E /* Preview Assets.xcassets in Resources */ = {isa = PBXBuildFile; fileRef = FFDFC6E6251FCEBB0088190E /* Preview Assets.xcassets */; };
		FFDFC6F2251FCEBC0088190E /* Online_PrintingTests.swift in Sources */ = {isa = PBXBuildFile; fileRef = FFDFC6F1251FCEBC0088190E /* Online_PrintingTests.swift */; };
		FFDFC6FD251FCEBC0088190E /* Online_PrintingUITests.swift in Sources */ = {isa = PBXBuildFile; fileRef = FFDFC6FC251FCEBC0088190E /* Online_PrintingUITests.swift */; };
		FFEAC26825AE3AFA00FC94EB /* GoogleService-Info.plist in Resources */ = {isa = PBXBuildFile; fileRef = FFEAC26725AE3AFA00FC94EB /* GoogleService-Info.plist */; };
		FFEE019C2597D78B009B614C /* PaymentService.swift in Sources */ = {isa = PBXBuildFile; fileRef = FFEE019B2597D78B009B614C /* PaymentService.swift */; };
		FFEE01C52598920A009B614C /* Credentials.swift in Sources */ = {isa = PBXBuildFile; fileRef = FFEE01C42598920A009B614C /* Credentials.swift */; };
		FFF692E825A53EE70087B640 /* WebView.swift in Sources */ = {isa = PBXBuildFile; fileRef = FFF692E725A53EE70087B640 /* WebView.swift */; };
		FFF692ED25A540410087B640 /* BankPayment.swift in Sources */ = {isa = PBXBuildFile; fileRef = FFF692EC25A540410087B640 /* BankPayment.swift */; };
/* End PBXBuildFile section */

/* Begin PBXContainerItemProxy section */
		FFDFC6EE251FCEBC0088190E /* PBXContainerItemProxy */ = {
			isa = PBXContainerItemProxy;
			containerPortal = FFDFC6D4251FCEBA0088190E /* Project object */;
			proxyType = 1;
			remoteGlobalIDString = FFDFC6DB251FCEBA0088190E;
			remoteInfo = "Online Printing";
		};
		FFDFC6F9251FCEBC0088190E /* PBXContainerItemProxy */ = {
			isa = PBXContainerItemProxy;
			containerPortal = FFDFC6D4251FCEBA0088190E /* Project object */;
			proxyType = 1;
			remoteGlobalIDString = FFDFC6DB251FCEBA0088190E;
			remoteInfo = "Online Printing";
		};
/* End PBXContainerItemProxy section */

/* Begin PBXFileReference section */
		14430420797D92E9F4A82CCF /* Pods_Online_Printing.framework */ = {isa = PBXFileReference; explicitFileType = wrapper.framework; includeInIndex = 0; path = Pods_Online_Printing.framework; sourceTree = BUILT_PRODUCTS_DIR; };
		2E4C4237C3F3F91B21216133 /* Pods-Online Printing-Online PrintingUITests.release.xcconfig */ = {isa = PBXFileReference; includeInIndex = 1; lastKnownFileType = text.xcconfig; name = "Pods-Online Printing-Online PrintingUITests.release.xcconfig"; path = "Target Support Files/Pods-Online Printing-Online PrintingUITests/Pods-Online Printing-Online PrintingUITests.release.xcconfig"; sourceTree = "<group>"; };
		31AEF846C1CF20DCC8DD1868 /* Pods-Online Printing-Online PrintingUITests.debug.xcconfig */ = {isa = PBXFileReference; includeInIndex = 1; lastKnownFileType = text.xcconfig; name = "Pods-Online Printing-Online PrintingUITests.debug.xcconfig"; path = "Target Support Files/Pods-Online Printing-Online PrintingUITests/Pods-Online Printing-Online PrintingUITests.debug.xcconfig"; sourceTree = "<group>"; };
		3DC15BF3987BC44B571BB273 /* Pods-Online Printing.debug.xcconfig */ = {isa = PBXFileReference; includeInIndex = 1; lastKnownFileType = text.xcconfig; name = "Pods-Online Printing.debug.xcconfig"; path = "Target Support Files/Pods-Online Printing/Pods-Online Printing.debug.xcconfig"; sourceTree = "<group>"; };
		769AA0F5869DDFBA4E06E884 /* Pods_Online_Printing_Online_PrintingUITests.framework */ = {isa = PBXFileReference; explicitFileType = wrapper.framework; includeInIndex = 0; path = Pods_Online_Printing_Online_PrintingUITests.framework; sourceTree = BUILT_PRODUCTS_DIR; };
		DEF225BEBC8B4861FB5E73DB /* Pods_Online_PrintingTests.framework */ = {isa = PBXFileReference; explicitFileType = wrapper.framework; includeInIndex = 0; path = Pods_Online_PrintingTests.framework; sourceTree = BUILT_PRODUCTS_DIR; };
		E8D8E1913777F545EE15FA0A /* Pods-Online PrintingTests.debug.xcconfig */ = {isa = PBXFileReference; includeInIndex = 1; lastKnownFileType = text.xcconfig; name = "Pods-Online PrintingTests.debug.xcconfig"; path = "Target Support Files/Pods-Online PrintingTests/Pods-Online PrintingTests.debug.xcconfig"; sourceTree = "<group>"; };
		F4A7295A9F66161FE1612310 /* Pods-Online PrintingTests.release.xcconfig */ = {isa = PBXFileReference; includeInIndex = 1; lastKnownFileType = text.xcconfig; name = "Pods-Online PrintingTests.release.xcconfig"; path = "Target Support Files/Pods-Online PrintingTests/Pods-Online PrintingTests.release.xcconfig"; sourceTree = "<group>"; };
		F7FDD87679AA8CE77A9EC4CA /* Pods-Online Printing.release.xcconfig */ = {isa = PBXFileReference; includeInIndex = 1; lastKnownFileType = text.xcconfig; name = "Pods-Online Printing.release.xcconfig"; path = "Target Support Files/Pods-Online Printing/Pods-Online Printing.release.xcconfig"; sourceTree = "<group>"; };
		FF046547252FB96300D7460D /* SelectedCategory.swift */ = {isa = PBXFileReference; lastKnownFileType = sourcecode.swift; path = SelectedCategory.swift; sourceTree = "<group>"; };
		FF11E52F257E8E4B00ED4389 /* Specs.swift */ = {isa = PBXFileReference; lastKnownFileType = sourcecode.swift; path = Specs.swift; sourceTree = "<group>"; };
		FF11E53C257EC7D300ED4389 /* LaunchScreen.storyboard */ = {isa = PBXFileReference; lastKnownFileType = file.storyboard; path = LaunchScreen.storyboard; sourceTree = "<group>"; };
		FF1B451E2582809100A6E639 /* AuthView.swift */ = {isa = PBXFileReference; lastKnownFileType = sourcecode.swift; path = AuthView.swift; sourceTree = "<group>"; };
		FF1B4523258280AC00A6E639 /* AuthService.swift */ = {isa = PBXFileReference; lastKnownFileType = sourcecode.swift; path = AuthService.swift; sourceTree = "<group>"; };
		FF1B4528258280C500A6E639 /* AuthViewModel.swift */ = {isa = PBXFileReference; lastKnownFileType = sourcecode.swift; path = AuthViewModel.swift; sourceTree = "<group>"; };
		FF1B45302582974C00A6E639 /* AuthBackground.swift */ = {isa = PBXFileReference; lastKnownFileType = sourcecode.swift; path = AuthBackground.swift; sourceTree = "<group>"; };
		FF3FDA78259CB39C005DEE31 /* AdditionalFunctionality.swift */ = {isa = PBXFileReference; lastKnownFileType = sourcecode.swift; path = AdditionalFunctionality.swift; sourceTree = "<group>"; };
		FF3FDA8C259D4E05005DEE31 /* ConfirmPaymentRequest.swift */ = {isa = PBXFileReference; lastKnownFileType = sourcecode.swift; path = ConfirmPaymentRequest.swift; sourceTree = "<group>"; };
		FF3FDA91259D4E09005DEE31 /* ConfirmPaymentResponse.swift */ = {isa = PBXFileReference; lastKnownFileType = sourcecode.swift; path = ConfirmPaymentResponse.swift; sourceTree = "<group>"; };
		FF3FDA96259D4E0E005DEE31 /* InitPaymentRequest.swift */ = {isa = PBXFileReference; lastKnownFileType = sourcecode.swift; path = InitPaymentRequest.swift; sourceTree = "<group>"; };
		FF3FDA9B259D4E10005DEE31 /* InitPaymentResponse.swift */ = {isa = PBXFileReference; lastKnownFileType = sourcecode.swift; path = InitPaymentResponse.swift; sourceTree = "<group>"; };
		FF3FDAA0259D4E15005DEE31 /* PaymentDetailsRequest.swift */ = {isa = PBXFileReference; lastKnownFileType = sourcecode.swift; path = PaymentDetailsRequest.swift; sourceTree = "<group>"; };
		FF3FDAA5259D4E18005DEE31 /* PaymentDetailsResponse.swift */ = {isa = PBXFileReference; lastKnownFileType = sourcecode.swift; path = PaymentDetailsResponse.swift; sourceTree = "<group>"; };
		FF3FDAAA259D4E1D005DEE31 /* RedirectResponse.swift */ = {isa = PBXFileReference; lastKnownFileType = sourcecode.swift; path = RedirectResponse.swift; sourceTree = "<group>"; };
		FF3FDAAF259D4E22005DEE31 /* URLS.swift */ = {isa = PBXFileReference; lastKnownFileType = sourcecode.swift; path = URLS.swift; sourceTree = "<group>"; };
		FF4136DB252FAFFF00345FF7 /* CategoryViewModel.swift */ = {isa = PBXFileReference; lastKnownFileType = sourcecode.swift; path = CategoryViewModel.swift; sourceTree = "<group>"; };
		FF4136E3252FB14500345FF7 /* SingleCategoryPreview.swift */ = {isa = PBXFileReference; lastKnownFileType = sourcecode.swift; path = SingleCategoryPreview.swift; sourceTree = "<group>"; };
		FF6405D8251FD1FB0062DA9B /* AppDelegate.swift */ = {isa = PBXFileReference; lastKnownFileType = sourcecode.swift; path = AppDelegate.swift; sourceTree = "<group>"; };
		FF6405E1251FD5C10062DA9B /* CategoryService.swift */ = {isa = PBXFileReference; lastKnownFileType = sourcecode.swift; path = CategoryService.swift; sourceTree = "<group>"; };
		FF6405E9251FD6070062DA9B /* CategoryModel.swift */ = {isa = PBXFileReference; lastKnownFileType = sourcecode.swift; path = CategoryModel.swift; sourceTree = "<group>"; };
		FF69EBF42567F33000939256 /* MainViewModel.swift */ = {isa = PBXFileReference; lastKnownFileType = sourcecode.swift; path = MainViewModel.swift; sourceTree = "<group>"; };
		FF69EBF92567F34900939256 /* UploadService.swift */ = {isa = PBXFileReference; lastKnownFileType = sourcecode.swift; path = UploadService.swift; sourceTree = "<group>"; };
		FF7FADFD257FE6B900FDB32E /* Cart.swift */ = {isa = PBXFileReference; lastKnownFileType = sourcecode.swift; path = Cart.swift; sourceTree = "<group>"; };
		FF7FAE0D2580052A00FDB32E /* CartItemModel.swift */ = {isa = PBXFileReference; lastKnownFileType = sourcecode.swift; path = CartItemModel.swift; sourceTree = "<group>"; };
		FF7FAE15258006FD00FDB32E /* Home.swift */ = {isa = PBXFileReference; lastKnownFileType = sourcecode.swift; path = Home.swift; sourceTree = "<group>"; };
		FF7FAE3D25815B0600FDB32E /* .gitignore */ = {isa = PBXFileReference; lastKnownFileType = text; path = .gitignore; sourceTree = "<group>"; };
		FFB81EAF2593D001007554B5 /* McLaren-Regular.ttf */ = {isa = PBXFileReference; lastKnownFileType = file; path = "McLaren-Regular.ttf"; sourceTree = "<group>"; };
		FFBEE38D253CE419001EF94F /* Loading.swift */ = {isa = PBXFileReference; lastKnownFileType = sourcecode.swift; path = Loading.swift; sourceTree = "<group>"; };
		FFBEF80A259A64B3006A21E0 /* privacy_policy.md */ = {isa = PBXFileReference; lastKnownFileType = net.daringfireball.markdown; path = privacy_policy.md; sourceTree = "<group>"; };
		FFDA65E4259E5A3F00C6EF97 /* Checkout.swift */ = {isa = PBXFileReference; lastKnownFileType = sourcecode.swift; path = Checkout.swift; sourceTree = "<group>"; };
		FFDFC6DC251FCEBA0088190E /* Online Printing.app */ = {isa = PBXFileReference; explicitFileType = wrapper.application; includeInIndex = 0; path = "Online Printing.app"; sourceTree = BUILT_PRODUCTS_DIR; };
		FFDFC6DF251FCEBA0088190E /* Online_PrintingApp.swift */ = {isa = PBXFileReference; lastKnownFileType = sourcecode.swift; path = Online_PrintingApp.swift; sourceTree = "<group>"; };
		FFDFC6E1251FCEBA0088190E /* ContentView.swift */ = {isa = PBXFileReference; lastKnownFileType = sourcecode.swift; path = ContentView.swift; sourceTree = "<group>"; };
		FFDFC6E3251FCEBB0088190E /* Assets.xcassets */ = {isa = PBXFileReference; lastKnownFileType = folder.assetcatalog; path = Assets.xcassets; sourceTree = "<group>"; };
		FFDFC6E6251FCEBB0088190E /* Preview Assets.xcassets */ = {isa = PBXFileReference; lastKnownFileType = folder.assetcatalog; path = "Preview Assets.xcassets"; sourceTree = "<group>"; };
		FFDFC6E8251FCEBB0088190E /* Info.plist */ = {isa = PBXFileReference; lastKnownFileType = text.plist.xml; path = Info.plist; sourceTree = "<group>"; };
		FFDFC6ED251FCEBC0088190E /* Online PrintingTests.xctest */ = {isa = PBXFileReference; explicitFileType = wrapper.cfbundle; includeInIndex = 0; path = "Online PrintingTests.xctest"; sourceTree = BUILT_PRODUCTS_DIR; };
		FFDFC6F1251FCEBC0088190E /* Online_PrintingTests.swift */ = {isa = PBXFileReference; lastKnownFileType = sourcecode.swift; path = Online_PrintingTests.swift; sourceTree = "<group>"; };
		FFDFC6F3251FCEBC0088190E /* Info.plist */ = {isa = PBXFileReference; lastKnownFileType = text.plist.xml; path = Info.plist; sourceTree = "<group>"; };
		FFDFC6F8251FCEBC0088190E /* Online PrintingUITests.xctest */ = {isa = PBXFileReference; explicitFileType = wrapper.cfbundle; includeInIndex = 0; path = "Online PrintingUITests.xctest"; sourceTree = BUILT_PRODUCTS_DIR; };
		FFDFC6FC251FCEBC0088190E /* Online_PrintingUITests.swift */ = {isa = PBXFileReference; lastKnownFileType = sourcecode.swift; path = Online_PrintingUITests.swift; sourceTree = "<group>"; };
		FFDFC6FE251FCEBC0088190E /* Info.plist */ = {isa = PBXFileReference; lastKnownFileType = text.plist.xml; path = Info.plist; sourceTree = "<group>"; };
		FFEAC26725AE3AFA00FC94EB /* GoogleService-Info.plist */ = {isa = PBXFileReference; fileEncoding = 4; lastKnownFileType = text.plist.xml; path = "GoogleService-Info.plist"; sourceTree = "<group>"; };
		FFEE019B2597D78B009B614C /* PaymentService.swift */ = {isa = PBXFileReference; lastKnownFileType = sourcecode.swift; path = PaymentService.swift; sourceTree = "<group>"; };
		FFEE01C42598920A009B614C /* Credentials.swift */ = {isa = PBXFileReference; lastKnownFileType = sourcecode.swift; path = Credentials.swift; sourceTree = "<group>"; };
		FFF692E725A53EE70087B640 /* WebView.swift */ = {isa = PBXFileReference; lastKnownFileType = sourcecode.swift; path = WebView.swift; sourceTree = "<group>"; };
		FFF692EC25A540410087B640 /* BankPayment.swift */ = {isa = PBXFileReference; fileEncoding = 4; lastKnownFileType = sourcecode.swift; path = BankPayment.swift; sourceTree = "<group>"; };
/* End PBXFileReference section */

/* Begin PBXFrameworksBuildPhase section */
		FFDFC6D9251FCEBA0088190E /* Frameworks */ = {
			isa = PBXFrameworksBuildPhase;
			buildActionMask = 2147483647;
			files = (
				FFBCD092259542C600339448 /* AlertX in Frameworks */,
				C50D0887C560CD1427353BBD /* Pods_Online_Printing.framework in Frameworks */,
			);
			runOnlyForDeploymentPostprocessing = 0;
		};
		FFDFC6EA251FCEBC0088190E /* Frameworks */ = {
			isa = PBXFrameworksBuildPhase;
			buildActionMask = 2147483647;
			files = (
				8F9E5DAC4B8A7EBA77277496 /* Pods_Online_PrintingTests.framework in Frameworks */,
			);
			runOnlyForDeploymentPostprocessing = 0;
		};
		FFDFC6F5251FCEBC0088190E /* Frameworks */ = {
			isa = PBXFrameworksBuildPhase;
			buildActionMask = 2147483647;
			files = (
				43BD3E0A876476E8B46FC1C9 /* Pods_Online_Printing_Online_PrintingUITests.framework in Frameworks */,
			);
			runOnlyForDeploymentPostprocessing = 0;
		};
/* End PBXFrameworksBuildPhase section */

/* Begin PBXGroup section */
		1DE93ACC306B96E4AB6B4C0F /* Frameworks */ = {
			isa = PBXGroup;
			children = (
				14430420797D92E9F4A82CCF /* Pods_Online_Printing.framework */,
				769AA0F5869DDFBA4E06E884 /* Pods_Online_Printing_Online_PrintingUITests.framework */,
				DEF225BEBC8B4861FB5E73DB /* Pods_Online_PrintingTests.framework */,
			);
			name = Frameworks;
			sourceTree = "<group>";
		};
		9C31D7ACCF45030B2106C1B4 /* Pods */ = {
			isa = PBXGroup;
			children = (
				3DC15BF3987BC44B571BB273 /* Pods-Online Printing.debug.xcconfig */,
				F7FDD87679AA8CE77A9EC4CA /* Pods-Online Printing.release.xcconfig */,
				31AEF846C1CF20DCC8DD1868 /* Pods-Online Printing-Online PrintingUITests.debug.xcconfig */,
				2E4C4237C3F3F91B21216133 /* Pods-Online Printing-Online PrintingUITests.release.xcconfig */,
				E8D8E1913777F545EE15FA0A /* Pods-Online PrintingTests.debug.xcconfig */,
				F4A7295A9F66161FE1612310 /* Pods-Online PrintingTests.release.xcconfig */,
			);
			path = Pods;
			sourceTree = "<group>";
		};
		FF3FDA86259D4D82005DEE31 /* Payment */ = {
			isa = PBXGroup;
			children = (
				FF3FDA8C259D4E05005DEE31 /* ConfirmPaymentRequest.swift */,
				FF3FDA91259D4E09005DEE31 /* ConfirmPaymentResponse.swift */,
				FF3FDA96259D4E0E005DEE31 /* InitPaymentRequest.swift */,
				FF3FDA9B259D4E10005DEE31 /* InitPaymentResponse.swift */,
				FF3FDAA0259D4E15005DEE31 /* PaymentDetailsRequest.swift */,
				FF3FDAA5259D4E18005DEE31 /* PaymentDetailsResponse.swift */,
				FF3FDAAA259D4E1D005DEE31 /* RedirectResponse.swift */,
				FF3FDAAF259D4E22005DEE31 /* URLS.swift */,
			);
			path = Payment;
			sourceTree = "<group>";
		};
		FF6405DD251FD58C0062DA9B /* Views */ = {
			isa = PBXGroup;
			children = (
				FF78DB19259C006100C96AA3 /* Cart */,
				FF78DB18259C005C00C96AA3 /* Home */,
				FFDFC6E1251FCEBA0088190E /* ContentView.swift */,
				FFBEE38D253CE419001EF94F /* Loading.swift */,
			);
			path = Views;
			sourceTree = "<group>";
		};
		FF6405DE251FD5970062DA9B /* Models */ = {
			isa = PBXGroup;
			children = (
				FF3FDA86259D4D82005DEE31 /* Payment */,
				FF6405E9251FD6070062DA9B /* CategoryModel.swift */,
				FF11E52F257E8E4B00ED4389 /* Specs.swift */,
				FF7FAE0D2580052A00FDB32E /* CartItemModel.swift */,
				FF3FDA78259CB39C005DEE31 /* AdditionalFunctionality.swift */,
			);
			path = Models;
			sourceTree = "<group>";
		};
		FF6405DF251FD59C0062DA9B /* Services */ = {
			isa = PBXGroup;
			children = (
				FF6405E1251FD5C10062DA9B /* CategoryService.swift */,
				FF69EBF92567F34900939256 /* UploadService.swift */,
				FF1B4523258280AC00A6E639 /* AuthService.swift */,
				FFEE019B2597D78B009B614C /* PaymentService.swift */,
			);
			path = Services;
			sourceTree = "<group>";
		};
		FF6405E0251FD5B30062DA9B /* ViewModels */ = {
			isa = PBXGroup;
			children = (
				FF4136DB252FAFFF00345FF7 /* CategoryViewModel.swift */,
				FF69EBF42567F33000939256 /* MainViewModel.swift */,
				FF1B4528258280C500A6E639 /* AuthViewModel.swift */,
			);
			path = ViewModels;
			sourceTree = "<group>";
		};
		FF78DB18259C005C00C96AA3 /* Home */ = {
			isa = PBXGroup;
			children = (
				FF7FAE15258006FD00FDB32E /* Home.swift */,
				FF4136E3252FB14500345FF7 /* SingleCategoryPreview.swift */,
				FF046547252FB96300D7460D /* SelectedCategory.swift */,
			);
			path = Home;
			sourceTree = "<group>";
		};
		FF78DB19259C006100C96AA3 /* Cart */ = {
			isa = PBXGroup;
			children = (
				FF7FADFD257FE6B900FDB32E /* Cart.swift */,
				FFDA65E4259E5A3F00C6EF97 /* Checkout.swift */,
				FFF692EC25A540410087B640 /* BankPayment.swift */,
				FFF692E725A53EE70087B640 /* WebView.swift */,
				FF1B451E2582809100A6E639 /* AuthView.swift */,
				FF1B45302582974C00A6E639 /* AuthBackground.swift */,
			);
			path = Cart;
			sourceTree = "<group>";
		};
		FFB81EAE2593CFBE007554B5 /* font */ = {
			isa = PBXGroup;
			children = (
				FFB81EAF2593D001007554B5 /* McLaren-Regular.ttf */,
			);
			path = font;
			sourceTree = "<group>";
		};
		FFDFC6D3251FCEBA0088190E = {
			isa = PBXGroup;
			children = (
				FF7FAE3D25815B0600FDB32E /* .gitignore */,
				FFDFC6DE251FCEBA0088190E /* Online Printing */,
				FFDFC6F0251FCEBC0088190E /* Online PrintingTests */,
				FFDFC6FB251FCEBC0088190E /* Online PrintingUITests */,
				FFDFC6DD251FCEBA0088190E /* Products */,
				9C31D7ACCF45030B2106C1B4 /* Pods */,
				1DE93ACC306B96E4AB6B4C0F /* Frameworks */,
			);
			sourceTree = "<group>";
		};
		FFDFC6DD251FCEBA0088190E /* Products */ = {
			isa = PBXGroup;
			children = (
				FFDFC6DC251FCEBA0088190E /* Online Printing.app */,
				FFDFC6ED251FCEBC0088190E /* Online PrintingTests.xctest */,
				FFDFC6F8251FCEBC0088190E /* Online PrintingUITests.xctest */,
			);
			name = Products;
			sourceTree = "<group>";
		};
		FFDFC6DE251FCEBA0088190E /* Online Printing */ = {
			isa = PBXGroup;
			children = (
				FF6405DE251FD5970062DA9B /* Models */,
				FF6405E0251FD5B30062DA9B /* ViewModels */,
				FF6405DF251FD59C0062DA9B /* Services */,
				FF6405DD251FD58C0062DA9B /* Views */,
				FFB81EAE2593CFBE007554B5 /* font */,
				FFDFC6DF251FCEBA0088190E /* Online_PrintingApp.swift */,
				FFDFC6E3251FCEBB0088190E /* Assets.xcassets */,
				FFDFC6E8251FCEBB0088190E /* Info.plist */,
				FFEAC26725AE3AFA00FC94EB /* GoogleService-Info.plist */,
				FFDFC6E5251FCEBB0088190E /* Preview Content */,
				FF6405D8251FD1FB0062DA9B /* AppDelegate.swift */,
				FF11E53C257EC7D300ED4389 /* LaunchScreen.storyboard */,
				FFEE01C42598920A009B614C /* Credentials.swift */,
				FFBEF80A259A64B3006A21E0 /* privacy_policy.md */,
			);
			path = "Online Printing";
			sourceTree = "<group>";
		};
		FFDFC6E5251FCEBB0088190E /* Preview Content */ = {
			isa = PBXGroup;
			children = (
				FFDFC6E6251FCEBB0088190E /* Preview Assets.xcassets */,
			);
			path = "Preview Content";
			sourceTree = "<group>";
		};
		FFDFC6F0251FCEBC0088190E /* Online PrintingTests */ = {
			isa = PBXGroup;
			children = (
				FFDFC6F1251FCEBC0088190E /* Online_PrintingTests.swift */,
				FFDFC6F3251FCEBC0088190E /* Info.plist */,
			);
			path = "Online PrintingTests";
			sourceTree = "<group>";
		};
		FFDFC6FB251FCEBC0088190E /* Online PrintingUITests */ = {
			isa = PBXGroup;
			children = (
				FFDFC6FC251FCEBC0088190E /* Online_PrintingUITests.swift */,
				FFDFC6FE251FCEBC0088190E /* Info.plist */,
			);
			path = "Online PrintingUITests";
			sourceTree = "<group>";
		};
/* End PBXGroup section */

/* Begin PBXNativeTarget section */
		FFDFC6DB251FCEBA0088190E /* Online Printing */ = {
			isa = PBXNativeTarget;
			buildConfigurationList = FFDFC701251FCEBC0088190E /* Build configuration list for PBXNativeTarget "Online Printing" */;
			buildPhases = (
				74711F2F334722D8744CB748 /* [CP] Check Pods Manifest.lock */,
				FFDFC6D8251FCEBA0088190E /* Sources */,
				FFDFC6D9251FCEBA0088190E /* Frameworks */,
				FFDFC6DA251FCEBA0088190E /* Resources */,
				746E6DBB34C101892224A5D7 /* [CP] Embed Pods Frameworks */,
			);
			buildRules = (
			);
			dependencies = (
			);
			name = "Online Printing";
			packageProductDependencies = (
				FFBCD091259542C600339448 /* AlertX */,
			);
			productName = "Online Printing";
			productReference = FFDFC6DC251FCEBA0088190E /* Online Printing.app */;
			productType = "com.apple.product-type.application";
		};
		FFDFC6EC251FCEBC0088190E /* Online PrintingTests */ = {
			isa = PBXNativeTarget;
			buildConfigurationList = FFDFC704251FCEBC0088190E /* Build configuration list for PBXNativeTarget "Online PrintingTests" */;
			buildPhases = (
				71C76F5E166F5C5341FC22FD /* [CP] Check Pods Manifest.lock */,
				FFDFC6E9251FCEBC0088190E /* Sources */,
				FFDFC6EA251FCEBC0088190E /* Frameworks */,
				FFDFC6EB251FCEBC0088190E /* Resources */,
			);
			buildRules = (
			);
			dependencies = (
				FFDFC6EF251FCEBC0088190E /* PBXTargetDependency */,
			);
			name = "Online PrintingTests";
			productName = "Online PrintingTests";
			productReference = FFDFC6ED251FCEBC0088190E /* Online PrintingTests.xctest */;
			productType = "com.apple.product-type.bundle.unit-test";
		};
		FFDFC6F7251FCEBC0088190E /* Online PrintingUITests */ = {
			isa = PBXNativeTarget;
			buildConfigurationList = FFDFC707251FCEBC0088190E /* Build configuration list for PBXNativeTarget "Online PrintingUITests" */;
			buildPhases = (
				1907B4F36E84F76620F853A5 /* [CP] Check Pods Manifest.lock */,
				FFDFC6F4251FCEBC0088190E /* Sources */,
				FFDFC6F5251FCEBC0088190E /* Frameworks */,
				FFDFC6F6251FCEBC0088190E /* Resources */,
				371E220E35E91726899F6ED5 /* [CP] Embed Pods Frameworks */,
			);
			buildRules = (
			);
			dependencies = (
				FFDFC6FA251FCEBC0088190E /* PBXTargetDependency */,
			);
			name = "Online PrintingUITests";
			productName = "Online PrintingUITests";
			productReference = FFDFC6F8251FCEBC0088190E /* Online PrintingUITests.xctest */;
			productType = "com.apple.product-type.bundle.ui-testing";
		};
/* End PBXNativeTarget section */

/* Begin PBXProject section */
		FFDFC6D4251FCEBA0088190E /* Project object */ = {
			isa = PBXProject;
			attributes = {
				LastSwiftUpdateCheck = 1200;
				LastUpgradeCheck = 1200;
				TargetAttributes = {
					FFDFC6DB251FCEBA0088190E = {
						CreatedOnToolsVersion = 12.0;
					};
					FFDFC6EC251FCEBC0088190E = {
						CreatedOnToolsVersion = 12.0;
						TestTargetID = FFDFC6DB251FCEBA0088190E;
					};
					FFDFC6F7251FCEBC0088190E = {
						CreatedOnToolsVersion = 12.0;
						TestTargetID = FFDFC6DB251FCEBA0088190E;
					};
				};
			};
			buildConfigurationList = FFDFC6D7251FCEBA0088190E /* Build configuration list for PBXProject "Online Printing" */;
			compatibilityVersion = "Xcode 9.3";
			developmentRegion = en;
			hasScannedForEncodings = 0;
			knownRegions = (
				en,
				Base,
			);
			mainGroup = FFDFC6D3251FCEBA0088190E;
			packageReferences = (
				FFBCD090259542C600339448 /* XCRemoteSwiftPackageReference "AlertX" */,
			);
			productRefGroup = FFDFC6DD251FCEBA0088190E /* Products */;
			projectDirPath = "";
			projectRoot = "";
			targets = (
				FFDFC6DB251FCEBA0088190E /* Online Printing */,
				FFDFC6EC251FCEBC0088190E /* Online PrintingTests */,
				FFDFC6F7251FCEBC0088190E /* Online PrintingUITests */,
			);
		};
/* End PBXProject section */

/* Begin PBXResourcesBuildPhase section */
		FFDFC6DA251FCEBA0088190E /* Resources */ = {
			isa = PBXResourcesBuildPhase;
			buildActionMask = 2147483647;
			files = (
				FFB81EB02593D001007554B5 /* McLaren-Regular.ttf in Resources */,
				FF7FAE3E25815B0600FDB32E /* .gitignore in Resources */,
				FFDFC6E7251FCEBB0088190E /* Preview Assets.xcassets in Resources */,
				FF11E53D257EC7D300ED4389 /* LaunchScreen.storyboard in Resources */,
				FFDFC6E4251FCEBB0088190E /* Assets.xcassets in Resources */,
				FFEAC26825AE3AFA00FC94EB /* GoogleService-Info.plist in Resources */,
			);
			runOnlyForDeploymentPostprocessing = 0;
		};
		FFDFC6EB251FCEBC0088190E /* Resources */ = {
			isa = PBXResourcesBuildPhase;
			buildActionMask = 2147483647;
			files = (
			);
			runOnlyForDeploymentPostprocessing = 0;
		};
		FFDFC6F6251FCEBC0088190E /* Resources */ = {
			isa = PBXResourcesBuildPhase;
			buildActionMask = 2147483647;
			files = (
			);
			runOnlyForDeploymentPostprocessing = 0;
		};
/* End PBXResourcesBuildPhase section */

/* Begin PBXShellScriptBuildPhase section */
		1907B4F36E84F76620F853A5 /* [CP] Check Pods Manifest.lock */ = {
			isa = PBXShellScriptBuildPhase;
			buildActionMask = 2147483647;
			files = (
			);
			inputFileListPaths = (
			);
			inputPaths = (
				"${PODS_PODFILE_DIR_PATH}/Podfile.lock",
				"${PODS_ROOT}/Manifest.lock",
			);
			name = "[CP] Check Pods Manifest.lock";
			outputFileListPaths = (
			);
			outputPaths = (
				"$(DERIVED_FILE_DIR)/Pods-Online Printing-Online PrintingUITests-checkManifestLockResult.txt",
			);
			runOnlyForDeploymentPostprocessing = 0;
			shellPath = /bin/sh;
			shellScript = "diff \"${PODS_PODFILE_DIR_PATH}/Podfile.lock\" \"${PODS_ROOT}/Manifest.lock\" > /dev/null\nif [ $? != 0 ] ; then\n    # print error to STDERR\n    echo \"error: The sandbox is not in sync with the Podfile.lock. Run 'pod install' or update your CocoaPods installation.\" >&2\n    exit 1\nfi\n# This output is used by Xcode 'outputs' to avoid re-running this script phase.\necho \"SUCCESS\" > \"${SCRIPT_OUTPUT_FILE_0}\"\n";
			showEnvVarsInLog = 0;
		};
		371E220E35E91726899F6ED5 /* [CP] Embed Pods Frameworks */ = {
			isa = PBXShellScriptBuildPhase;
			buildActionMask = 2147483647;
			files = (
			);
			inputFileListPaths = (
				"${PODS_ROOT}/Target Support Files/Pods-Online Printing-Online PrintingUITests/Pods-Online Printing-Online PrintingUITests-frameworks-${CONFIGURATION}-input-files.xcfilelist",
			);
			name = "[CP] Embed Pods Frameworks";
			outputFileListPaths = (
				"${PODS_ROOT}/Target Support Files/Pods-Online Printing-Online PrintingUITests/Pods-Online Printing-Online PrintingUITests-frameworks-${CONFIGURATION}-output-files.xcfilelist",
			);
			runOnlyForDeploymentPostprocessing = 0;
			shellPath = /bin/sh;
			shellScript = "\"${PODS_ROOT}/Target Support Files/Pods-Online Printing-Online PrintingUITests/Pods-Online Printing-Online PrintingUITests-frameworks.sh\"\n";
			showEnvVarsInLog = 0;
		};
		71C76F5E166F5C5341FC22FD /* [CP] Check Pods Manifest.lock */ = {
			isa = PBXShellScriptBuildPhase;
			buildActionMask = 2147483647;
			files = (
			);
			inputFileListPaths = (
			);
			inputPaths = (
				"${PODS_PODFILE_DIR_PATH}/Podfile.lock",
				"${PODS_ROOT}/Manifest.lock",
			);
			name = "[CP] Check Pods Manifest.lock";
			outputFileListPaths = (
			);
			outputPaths = (
				"$(DERIVED_FILE_DIR)/Pods-Online PrintingTests-checkManifestLockResult.txt",
			);
			runOnlyForDeploymentPostprocessing = 0;
			shellPath = /bin/sh;
			shellScript = "diff \"${PODS_PODFILE_DIR_PATH}/Podfile.lock\" \"${PODS_ROOT}/Manifest.lock\" > /dev/null\nif [ $? != 0 ] ; then\n    # print error to STDERR\n    echo \"error: The sandbox is not in sync with the Podfile.lock. Run 'pod install' or update your CocoaPods installation.\" >&2\n    exit 1\nfi\n# This output is used by Xcode 'outputs' to avoid re-running this script phase.\necho \"SUCCESS\" > \"${SCRIPT_OUTPUT_FILE_0}\"\n";
			showEnvVarsInLog = 0;
		};
		746E6DBB34C101892224A5D7 /* [CP] Embed Pods Frameworks */ = {
			isa = PBXShellScriptBuildPhase;
			buildActionMask = 2147483647;
			files = (
			);
			inputFileListPaths = (
				"${PODS_ROOT}/Target Support Files/Pods-Online Printing/Pods-Online Printing-frameworks-${CONFIGURATION}-input-files.xcfilelist",
			);
			name = "[CP] Embed Pods Frameworks";
			outputFileListPaths = (
				"${PODS_ROOT}/Target Support Files/Pods-Online Printing/Pods-Online Printing-frameworks-${CONFIGURATION}-output-files.xcfilelist",
			);
			runOnlyForDeploymentPostprocessing = 0;
			shellPath = /bin/sh;
			shellScript = "\"${PODS_ROOT}/Target Support Files/Pods-Online Printing/Pods-Online Printing-frameworks.sh\"\n";
			showEnvVarsInLog = 0;
		};
		74711F2F334722D8744CB748 /* [CP] Check Pods Manifest.lock */ = {
			isa = PBXShellScriptBuildPhase;
			buildActionMask = 2147483647;
			files = (
			);
			inputFileListPaths = (
			);
			inputPaths = (
				"${PODS_PODFILE_DIR_PATH}/Podfile.lock",
				"${PODS_ROOT}/Manifest.lock",
			);
			name = "[CP] Check Pods Manifest.lock";
			outputFileListPaths = (
			);
			outputPaths = (
				"$(DERIVED_FILE_DIR)/Pods-Online Printing-checkManifestLockResult.txt",
			);
			runOnlyForDeploymentPostprocessing = 0;
			shellPath = /bin/sh;
			shellScript = "diff \"${PODS_PODFILE_DIR_PATH}/Podfile.lock\" \"${PODS_ROOT}/Manifest.lock\" > /dev/null\nif [ $? != 0 ] ; then\n    # print error to STDERR\n    echo \"error: The sandbox is not in sync with the Podfile.lock. Run 'pod install' or update your CocoaPods installation.\" >&2\n    exit 1\nfi\n# This output is used by Xcode 'outputs' to avoid re-running this script phase.\necho \"SUCCESS\" > \"${SCRIPT_OUTPUT_FILE_0}\"\n";
			showEnvVarsInLog = 0;
		};
/* End PBXShellScriptBuildPhase section */

/* Begin PBXSourcesBuildPhase section */
		FFDFC6D8251FCEBA0088190E /* Sources */ = {
			isa = PBXSourcesBuildPhase;
			buildActionMask = 2147483647;
			files = (
				FF3FDAA6259D4E18005DEE31 /* PaymentDetailsResponse.swift in Sources */,
				FFF692E825A53EE70087B640 /* WebView.swift in Sources */,
				FFF692ED25A540410087B640 /* BankPayment.swift in Sources */,
				FF3FDA97259D4E0E005DEE31 /* InitPaymentRequest.swift in Sources */,
				FF6405D9251FD1FB0062DA9B /* AppDelegate.swift in Sources */,
				FF69EBF52567F33000939256 /* MainViewModel.swift in Sources */,
				FF046548252FB96300D7460D /* SelectedCategory.swift in Sources */,
				FF1B4524258280AC00A6E639 /* AuthService.swift in Sources */,
				FFBEE38E253CE419001EF94F /* Loading.swift in Sources */,
				FF1B45312582974C00A6E639 /* AuthBackground.swift in Sources */,
				FFDFC6E2251FCEBA0088190E /* ContentView.swift in Sources */,
				FF1B4529258280C500A6E639 /* AuthViewModel.swift in Sources */,
				FF7FAE16258006FD00FDB32E /* Home.swift in Sources */,
				FF4136E4252FB14500345FF7 /* SingleCategoryPreview.swift in Sources */,
				FF7FAE0E2580052A00FDB32E /* CartItemModel.swift in Sources */,
				FFDFC6E0251FCEBA0088190E /* Online_PrintingApp.swift in Sources */,
				FF3FDAAB259D4E1D005DEE31 /* RedirectResponse.swift in Sources */,
				FF6405EA251FD6070062DA9B /* CategoryModel.swift in Sources */,
				FF69EBFA2567F34900939256 /* UploadService.swift in Sources */,
				FFEE01C52598920A009B614C /* Credentials.swift in Sources */,
				FFEE019C2597D78B009B614C /* PaymentService.swift in Sources */,
				FF4136DC252FAFFF00345FF7 /* CategoryViewModel.swift in Sources */,
				FF7FADFE257FE6B900FDB32E /* Cart.swift in Sources */,
				FF3FDAB0259D4E22005DEE31 /* URLS.swift in Sources */,
				FF1B451F2582809100A6E639 /* AuthView.swift in Sources */,
				FF3FDA9C259D4E10005DEE31 /* InitPaymentResponse.swift in Sources */,
				FF3FDA8D259D4E05005DEE31 /* ConfirmPaymentRequest.swift in Sources */,
				FF11E530257E8E4B00ED4389 /* Specs.swift in Sources */,
				FF3FDAA1259D4E15005DEE31 /* PaymentDetailsRequest.swift in Sources */,
				FF6405E2251FD5C10062DA9B /* CategoryService.swift in Sources */,
				FF3FDA92259D4E09005DEE31 /* ConfirmPaymentResponse.swift in Sources */,
				FF3FDA79259CB39C005DEE31 /* AdditionalFunctionality.swift in Sources */,
				FFDA65E5259E5A3F00C6EF97 /* Checkout.swift in Sources */,
			);
			runOnlyForDeploymentPostprocessing = 0;
		};
		FFDFC6E9251FCEBC0088190E /* Sources */ = {
			isa = PBXSourcesBuildPhase;
			buildActionMask = 2147483647;
			files = (
				FFDFC6F2251FCEBC0088190E /* Online_PrintingTests.swift in Sources */,
			);
			runOnlyForDeploymentPostprocessing = 0;
		};
		FFDFC6F4251FCEBC0088190E /* Sources */ = {
			isa = PBXSourcesBuildPhase;
			buildActionMask = 2147483647;
			files = (
				FFDFC6FD251FCEBC0088190E /* Online_PrintingUITests.swift in Sources */,
			);
			runOnlyForDeploymentPostprocessing = 0;
		};
/* End PBXSourcesBuildPhase section */

/* Begin PBXTargetDependency section */
		FFDFC6EF251FCEBC0088190E /* PBXTargetDependency */ = {
			isa = PBXTargetDependency;
			target = FFDFC6DB251FCEBA0088190E /* Online Printing */;
			targetProxy = FFDFC6EE251FCEBC0088190E /* PBXContainerItemProxy */;
		};
		FFDFC6FA251FCEBC0088190E /* PBXTargetDependency */ = {
			isa = PBXTargetDependency;
			target = FFDFC6DB251FCEBA0088190E /* Online Printing */;
			targetProxy = FFDFC6F9251FCEBC0088190E /* PBXContainerItemProxy */;
		};
/* End PBXTargetDependency section */

/* Begin XCBuildConfiguration section */
		FFDFC6FF251FCEBC0088190E /* Debug */ = {
			isa = XCBuildConfiguration;
			buildSettings = {
				ALWAYS_SEARCH_USER_PATHS = NO;
				CLANG_ANALYZER_NONNULL = YES;
				CLANG_ANALYZER_NUMBER_OBJECT_CONVERSION = YES_AGGRESSIVE;
				CLANG_CXX_LANGUAGE_STANDARD = "gnu++14";
				CLANG_CXX_LIBRARY = "libc++";
				CLANG_ENABLE_MODULES = YES;
				CLANG_ENABLE_OBJC_ARC = YES;
				CLANG_ENABLE_OBJC_WEAK = YES;
				CLANG_WARN_BLOCK_CAPTURE_AUTORELEASING = YES;
				CLANG_WARN_BOOL_CONVERSION = YES;
				CLANG_WARN_COMMA = YES;
				CLANG_WARN_CONSTANT_CONVERSION = YES;
				CLANG_WARN_DEPRECATED_OBJC_IMPLEMENTATIONS = YES;
				CLANG_WARN_DIRECT_OBJC_ISA_USAGE = YES_ERROR;
				CLANG_WARN_DOCUMENTATION_COMMENTS = YES;
				CLANG_WARN_EMPTY_BODY = YES;
				CLANG_WARN_ENUM_CONVERSION = YES;
				CLANG_WARN_INFINITE_RECURSION = YES;
				CLANG_WARN_INT_CONVERSION = YES;
				CLANG_WARN_NON_LITERAL_NULL_CONVERSION = YES;
				CLANG_WARN_OBJC_IMPLICIT_RETAIN_SELF = YES;
				CLANG_WARN_OBJC_LITERAL_CONVERSION = YES;
				CLANG_WARN_OBJC_ROOT_CLASS = YES_ERROR;
				CLANG_WARN_QUOTED_INCLUDE_IN_FRAMEWORK_HEADER = NO;
				CLANG_WARN_RANGE_LOOP_ANALYSIS = YES;
				CLANG_WARN_STRICT_PROTOTYPES = YES;
				CLANG_WARN_SUSPICIOUS_MOVE = YES;
				CLANG_WARN_UNGUARDED_AVAILABILITY = YES_AGGRESSIVE;
				CLANG_WARN_UNREACHABLE_CODE = YES;
				CLANG_WARN__DUPLICATE_METHOD_MATCH = YES;
				COPY_PHASE_STRIP = NO;
				DEBUG_INFORMATION_FORMAT = dwarf;
				ENABLE_STRICT_OBJC_MSGSEND = YES;
				ENABLE_TESTABILITY = YES;
				GCC_C_LANGUAGE_STANDARD = gnu11;
				GCC_DYNAMIC_NO_PIC = NO;
				GCC_NO_COMMON_BLOCKS = YES;
				GCC_OPTIMIZATION_LEVEL = 0;
				GCC_PREPROCESSOR_DEFINITIONS = (
					"DEBUG=1",
					"$(inherited)",
				);
				GCC_WARN_64_TO_32_BIT_CONVERSION = YES;
				GCC_WARN_ABOUT_RETURN_TYPE = YES_ERROR;
				GCC_WARN_UNDECLARED_SELECTOR = YES;
				GCC_WARN_UNINITIALIZED_AUTOS = YES_AGGRESSIVE;
				GCC_WARN_UNUSED_FUNCTION = YES;
				GCC_WARN_UNUSED_VARIABLE = YES;
				IPHONEOS_DEPLOYMENT_TARGET = 14.0;
				MTL_ENABLE_DEBUG_INFO = INCLUDE_SOURCE;
				MTL_FAST_MATH = YES;
				ONLY_ACTIVE_ARCH = YES;
				SDKROOT = iphoneos;
				SWIFT_ACTIVE_COMPILATION_CONDITIONS = DEBUG;
				SWIFT_OPTIMIZATION_LEVEL = "-Onone";
			};
			name = Debug;
		};
		FFDFC700251FCEBC0088190E /* Release */ = {
			isa = XCBuildConfiguration;
			buildSettings = {
				ALWAYS_SEARCH_USER_PATHS = NO;
				CLANG_ANALYZER_NONNULL = YES;
				CLANG_ANALYZER_NUMBER_OBJECT_CONVERSION = YES_AGGRESSIVE;
				CLANG_CXX_LANGUAGE_STANDARD = "gnu++14";
				CLANG_CXX_LIBRARY = "libc++";
				CLANG_ENABLE_MODULES = YES;
				CLANG_ENABLE_OBJC_ARC = YES;
				CLANG_ENABLE_OBJC_WEAK = YES;
				CLANG_WARN_BLOCK_CAPTURE_AUTORELEASING = YES;
				CLANG_WARN_BOOL_CONVERSION = YES;
				CLANG_WARN_COMMA = YES;
				CLANG_WARN_CONSTANT_CONVERSION = YES;
				CLANG_WARN_DEPRECATED_OBJC_IMPLEMENTATIONS = YES;
				CLANG_WARN_DIRECT_OBJC_ISA_USAGE = YES_ERROR;
				CLANG_WARN_DOCUMENTATION_COMMENTS = YES;
				CLANG_WARN_EMPTY_BODY = YES;
				CLANG_WARN_ENUM_CONVERSION = YES;
				CLANG_WARN_INFINITE_RECURSION = YES;
				CLANG_WARN_INT_CONVERSION = YES;
				CLANG_WARN_NON_LITERAL_NULL_CONVERSION = YES;
				CLANG_WARN_OBJC_IMPLICIT_RETAIN_SELF = YES;
				CLANG_WARN_OBJC_LITERAL_CONVERSION = YES;
				CLANG_WARN_OBJC_ROOT_CLASS = YES_ERROR;
				CLANG_WARN_QUOTED_INCLUDE_IN_FRAMEWORK_HEADER = NO;
				CLANG_WARN_RANGE_LOOP_ANALYSIS = YES;
				CLANG_WARN_STRICT_PROTOTYPES = YES;
				CLANG_WARN_SUSPICIOUS_MOVE = YES;
				CLANG_WARN_UNGUARDED_AVAILABILITY = YES_AGGRESSIVE;
				CLANG_WARN_UNREACHABLE_CODE = YES;
				CLANG_WARN__DUPLICATE_METHOD_MATCH = YES;
				COPY_PHASE_STRIP = NO;
				DEBUG_INFORMATION_FORMAT = "dwarf-with-dsym";
				ENABLE_NS_ASSERTIONS = NO;
				ENABLE_STRICT_OBJC_MSGSEND = YES;
				GCC_C_LANGUAGE_STANDARD = gnu11;
				GCC_NO_COMMON_BLOCKS = YES;
				GCC_WARN_64_TO_32_BIT_CONVERSION = YES;
				GCC_WARN_ABOUT_RETURN_TYPE = YES_ERROR;
				GCC_WARN_UNDECLARED_SELECTOR = YES;
				GCC_WARN_UNINITIALIZED_AUTOS = YES_AGGRESSIVE;
				GCC_WARN_UNUSED_FUNCTION = YES;
				GCC_WARN_UNUSED_VARIABLE = YES;
				IPHONEOS_DEPLOYMENT_TARGET = 14.0;
				MTL_ENABLE_DEBUG_INFO = NO;
				MTL_FAST_MATH = YES;
				SDKROOT = iphoneos;
				SWIFT_COMPILATION_MODE = wholemodule;
				SWIFT_OPTIMIZATION_LEVEL = "-O";
				VALIDATE_PRODUCT = YES;
			};
			name = Release;
		};
		FFDFC702251FCEBC0088190E /* Debug */ = {
			isa = XCBuildConfiguration;
			baseConfigurationReference = 3DC15BF3987BC44B571BB273 /* Pods-Online Printing.debug.xcconfig */;
			buildSettings = {
				ASSETCATALOG_COMPILER_APPICON_NAME = "AppIcon-1";
				ASSETCATALOG_COMPILER_GLOBAL_ACCENT_COLOR_NAME = AccentColor;
				CODE_SIGN_STYLE = Automatic;
				CURRENT_PROJECT_VERSION = 4;
				DEVELOPMENT_ASSET_PATHS = "\"Online Printing/Preview Content\"";
				DEVELOPMENT_TEAM = 8GVVA24YR6;
				ENABLE_PREVIEWS = YES;
				INFOPLIST_FILE = "Online Printing/Info.plist";
				IPHONEOS_DEPLOYMENT_TARGET = 14.0;
				LD_RUNPATH_SEARCH_PATHS = (
					"$(inherited)",
					"@executable_path/Frameworks",
				);
				MARKETING_VERSION = 1.0.003;
				PRODUCT_BUNDLE_IDENTIFIER = "com.developer-xpn.store.Online-Printing";
				PRODUCT_NAME = "$(TARGET_NAME)";
				SWIFT_VERSION = 5.0;
				TARGETED_DEVICE_FAMILY = 1;
			};
			name = Debug;
		};
		FFDFC703251FCEBC0088190E /* Release */ = {
			isa = XCBuildConfiguration;
			baseConfigurationReference = F7FDD87679AA8CE77A9EC4CA /* Pods-Online Printing.release.xcconfig */;
			buildSettings = {
				ASSETCATALOG_COMPILER_APPICON_NAME = "AppIcon-1";
				ASSETCATALOG_COMPILER_GLOBAL_ACCENT_COLOR_NAME = AccentColor;
				CODE_SIGN_STYLE = Automatic;
				CURRENT_PROJECT_VERSION = 4;
				DEVELOPMENT_ASSET_PATHS = "\"Online Printing/Preview Content\"";
				DEVELOPMENT_TEAM = 8GVVA24YR6;
				ENABLE_PREVIEWS = YES;
				INFOPLIST_FILE = "Online Printing/Info.plist";
				IPHONEOS_DEPLOYMENT_TARGET = 14.0;
				LD_RUNPATH_SEARCH_PATHS = (
					"$(inherited)",
					"@executable_path/Frameworks",
				);
				MARKETING_VERSION = 1.0.003;
				PRODUCT_BUNDLE_IDENTIFIER = "com.developer-xpn.store.Online-Printing";
				PRODUCT_NAME = "$(TARGET_NAME)";
				SWIFT_VERSION = 5.0;
				TARGETED_DEVICE_FAMILY = 1;
			};
			name = Release;
		};
		FFDFC705251FCEBC0088190E /* Debug */ = {
			isa = XCBuildConfiguration;
			baseConfigurationReference = E8D8E1913777F545EE15FA0A /* Pods-Online PrintingTests.debug.xcconfig */;
			buildSettings = {
				ALWAYS_EMBED_SWIFT_STANDARD_LIBRARIES = YES;
				BUNDLE_LOADER = "$(TEST_HOST)";
				CODE_SIGN_STYLE = Automatic;
				DEVELOPMENT_TEAM = 8GVVA24YR6;
				INFOPLIST_FILE = "Online PrintingTests/Info.plist";
				IPHONEOS_DEPLOYMENT_TARGET = 14.0;
				LD_RUNPATH_SEARCH_PATHS = (
					"$(inherited)",
					"@executable_path/Frameworks",
					"@loader_path/Frameworks",
				);
				PRODUCT_BUNDLE_IDENTIFIER = "com.developer.store.Online-PrintingTests";
				PRODUCT_NAME = "$(TARGET_NAME)";
				SWIFT_VERSION = 5.0;
				TARGETED_DEVICE_FAMILY = "1,2";
				TEST_HOST = "$(BUILT_PRODUCTS_DIR)/Online Printing.app/Online Printing";
			};
			name = Debug;
		};
		FFDFC706251FCEBC0088190E /* Release */ = {
			isa = XCBuildConfiguration;
			baseConfigurationReference = F4A7295A9F66161FE1612310 /* Pods-Online PrintingTests.release.xcconfig */;
			buildSettings = {
				ALWAYS_EMBED_SWIFT_STANDARD_LIBRARIES = YES;
				BUNDLE_LOADER = "$(TEST_HOST)";
				CODE_SIGN_STYLE = Automatic;
				DEVELOPMENT_TEAM = 8GVVA24YR6;
				INFOPLIST_FILE = "Online PrintingTests/Info.plist";
				IPHONEOS_DEPLOYMENT_TARGET = 14.0;
				LD_RUNPATH_SEARCH_PATHS = (
					"$(inherited)",
					"@executable_path/Frameworks",
					"@loader_path/Frameworks",
				);
				PRODUCT_BUNDLE_IDENTIFIER = "com.developer.store.Online-PrintingTests";
				PRODUCT_NAME = "$(TARGET_NAME)";
				SWIFT_VERSION = 5.0;
				TARGETED_DEVICE_FAMILY = "1,2";
				TEST_HOST = "$(BUILT_PRODUCTS_DIR)/Online Printing.app/Online Printing";
			};
			name = Release;
		};
		FFDFC708251FCEBC0088190E /* Debug */ = {
			isa = XCBuildConfiguration;
			baseConfigurationReference = 31AEF846C1CF20DCC8DD1868 /* Pods-Online Printing-Online PrintingUITests.debug.xcconfig */;
			buildSettings = {
				ALWAYS_EMBED_SWIFT_STANDARD_LIBRARIES = YES;
				CODE_SIGN_STYLE = Automatic;
				DEVELOPMENT_TEAM = 8GVVA24YR6;
				INFOPLIST_FILE = "Online PrintingUITests/Info.plist";
				LD_RUNPATH_SEARCH_PATHS = (
					"$(inherited)",
					"@executable_path/Frameworks",
					"@loader_path/Frameworks",
				);
				PRODUCT_BUNDLE_IDENTIFIER = "com.developer.store.Online-PrintingUITests";
				PRODUCT_NAME = "$(TARGET_NAME)";
				SWIFT_VERSION = 5.0;
				TARGETED_DEVICE_FAMILY = "1,2";
				TEST_TARGET_NAME = "Online Printing";
			};
			name = Debug;
		};
		FFDFC709251FCEBC0088190E /* Release */ = {
			isa = XCBuildConfiguration;
			baseConfigurationReference = 2E4C4237C3F3F91B21216133 /* Pods-Online Printing-Online PrintingUITests.release.xcconfig */;
			buildSettings = {
				ALWAYS_EMBED_SWIFT_STANDARD_LIBRARIES = YES;
				CODE_SIGN_STYLE = Automatic;
				DEVELOPMENT_TEAM = 8GVVA24YR6;
				INFOPLIST_FILE = "Online PrintingUITests/Info.plist";
				LD_RUNPATH_SEARCH_PATHS = (
					"$(inherited)",
					"@executable_path/Frameworks",
					"@loader_path/Frameworks",
				);
				PRODUCT_BUNDLE_IDENTIFIER = "com.developer.store.Online-PrintingUITests";
				PRODUCT_NAME = "$(TARGET_NAME)";
				SWIFT_VERSION = 5.0;
				TARGETED_DEVICE_FAMILY = "1,2";
				TEST_TARGET_NAME = "Online Printing";
			};
			name = Release;
		};
/* End XCBuildConfiguration section */

/* Begin XCConfigurationList section */
		FFDFC6D7251FCEBA0088190E /* Build configuration list for PBXProject "Online Printing" */ = {
			isa = XCConfigurationList;
			buildConfigurations = (
				FFDFC6FF251FCEBC0088190E /* Debug */,
				FFDFC700251FCEBC0088190E /* Release */,
			);
			defaultConfigurationIsVisible = 0;
			defaultConfigurationName = Release;
		};
		FFDFC701251FCEBC0088190E /* Build configuration list for PBXNativeTarget "Online Printing" */ = {
			isa = XCConfigurationList;
			buildConfigurations = (
				FFDFC702251FCEBC0088190E /* Debug */,
				FFDFC703251FCEBC0088190E /* Release */,
			);
			defaultConfigurationIsVisible = 0;
			defaultConfigurationName = Release;
		};
		FFDFC704251FCEBC0088190E /* Build configuration list for PBXNativeTarget "Online PrintingTests" */ = {
			isa = XCConfigurationList;
			buildConfigurations = (
				FFDFC705251FCEBC0088190E /* Debug */,
				FFDFC706251FCEBC0088190E /* Release */,
			);
			defaultConfigurationIsVisible = 0;
			defaultConfigurationName = Release;
		};
		FFDFC707251FCEBC0088190E /* Build configuration list for PBXNativeTarget "Online PrintingUITests" */ = {
			isa = XCConfigurationList;
			buildConfigurations = (
				FFDFC708251FCEBC0088190E /* Debug */,
				FFDFC709251FCEBC0088190E /* Release */,
			);
			defaultConfigurationIsVisible = 0;
			defaultConfigurationName = Release;
		};
/* End XCConfigurationList section */

/* Begin XCRemoteSwiftPackageReference section */
		FFBCD090259542C600339448 /* XCRemoteSwiftPackageReference "AlertX" */ = {
			isa = XCRemoteSwiftPackageReference;
			repositoryURL = "https://github.com/neel-makhecha/AlertX.git";
			requirement = {
				kind = upToNextMajorVersion;
				minimumVersion = 1.1.1;
			};
		};
/* End XCRemoteSwiftPackageReference section */

/* Begin XCSwiftPackageProductDependency section */
		FFBCD091259542C600339448 /* AlertX */ = {
			isa = XCSwiftPackageProductDependency;
			package = FFBCD090259542C600339448 /* XCRemoteSwiftPackageReference "AlertX" */;
			productName = AlertX;
		};
/* End XCSwiftPackageProductDependency section */
	};
	rootObject = FFDFC6D4251FCEBA0088190E /* Project object */;
}
