// !$*UTF8*$!
{
	archiveVersion = 1;
	classes = {
	};
	objectVersion = 52;
	objects = {

/* Begin PBXBuildFile section */
		22771CAD32B8F2311AB91A1C /* Pods_Online_Printing_Online_PrintingUITests.framework in Frameworks */ = {isa = PBXBuildFile; fileRef = AB20375C36A46A52556596F5 /* Pods_Online_Printing_Online_PrintingUITests.framework */; };
		7A6BE8C92696ED6BC01DAC46 /* Pods_Online_Printing.framework in Frameworks */ = {isa = PBXBuildFile; fileRef = 6164F130AD2872ABA0B74BBC /* Pods_Online_Printing.framework */; };
		FD9D3EFB58BB414F637FA602 /* Pods_Online_PrintingTests.framework in Frameworks */ = {isa = PBXBuildFile; fileRef = C9906A1E34D8DD52E95D70C4 /* Pods_Online_PrintingTests.framework */; };
		FF046542252FB90100D7460D /* HideRowSeparatorModifier.swift in Sources */ = {isa = PBXBuildFile; fileRef = FF046541252FB90100D7460D /* HideRowSeparatorModifier.swift */; };
		FF046548252FB96300D7460D /* SelectedCategory.swift in Sources */ = {isa = PBXBuildFile; fileRef = FF046547252FB96300D7460D /* SelectedCategory.swift */; };
		FF11E530257E8E4B00ED4389 /* Dimensions.swift in Sources */ = {isa = PBXBuildFile; fileRef = FF11E52F257E8E4B00ED4389 /* Dimensions.swift */; };
		FF11E53D257EC7D300ED4389 /* LaunchScreen.storyboard in Resources */ = {isa = PBXBuildFile; fileRef = FF11E53C257EC7D300ED4389 /* LaunchScreen.storyboard */; };
		FF1B451F2582809100A6E639 /* AuthView.swift in Sources */ = {isa = PBXBuildFile; fileRef = FF1B451E2582809100A6E639 /* AuthView.swift */; };
		FF1B4524258280AC00A6E639 /* AuthService.swift in Sources */ = {isa = PBXBuildFile; fileRef = FF1B4523258280AC00A6E639 /* AuthService.swift */; };
		FF1B4529258280C500A6E639 /* AuthViewModel.swift in Sources */ = {isa = PBXBuildFile; fileRef = FF1B4528258280C500A6E639 /* AuthViewModel.swift */; };
		FF1B45312582974C00A6E639 /* AuthBackground.swift in Sources */ = {isa = PBXBuildFile; fileRef = FF1B45302582974C00A6E639 /* AuthBackground.swift */; };
		FF1B45372582A54B00A6E639 /* AlertX in Frameworks */ = {isa = PBXBuildFile; productRef = FF1B45362582A54B00A6E639 /* AlertX */; };
		FF4136DC252FAFFF00345FF7 /* MainViewModel.swift in Sources */ = {isa = PBXBuildFile; fileRef = FF4136DB252FAFFF00345FF7 /* MainViewModel.swift */; };
		FF4136E4252FB14500345FF7 /* SingleCategoryPreview.swift in Sources */ = {isa = PBXBuildFile; fileRef = FF4136E3252FB14500345FF7 /* SingleCategoryPreview.swift */; };
		FF6405D9251FD1FB0062DA9B /* AppDelegate.swift in Sources */ = {isa = PBXBuildFile; fileRef = FF6405D8251FD1FB0062DA9B /* AppDelegate.swift */; };
		FF6405E2251FD5C10062DA9B /* CategoryService.swift in Sources */ = {isa = PBXBuildFile; fileRef = FF6405E1251FD5C10062DA9B /* CategoryService.swift */; };
		FF6405EA251FD6070062DA9B /* CategoryModel.swift in Sources */ = {isa = PBXBuildFile; fileRef = FF6405E9251FD6070062DA9B /* CategoryModel.swift */; };
		FF69EBF52567F33000939256 /* UploadViewModel.swift in Sources */ = {isa = PBXBuildFile; fileRef = FF69EBF42567F33000939256 /* UploadViewModel.swift */; };
		FF69EBFA2567F34900939256 /* UploadService.swift in Sources */ = {isa = PBXBuildFile; fileRef = FF69EBF92567F34900939256 /* UploadService.swift */; };
		FF7FADFE257FE6B900FDB32E /* Cart.swift in Sources */ = {isa = PBXBuildFile; fileRef = FF7FADFD257FE6B900FDB32E /* Cart.swift */; };
		FF7FAE0E2580052A00FDB32E /* CartItemModel.swift in Sources */ = {isa = PBXBuildFile; fileRef = FF7FAE0D2580052A00FDB32E /* CartItemModel.swift */; };
		FF7FAE16258006FD00FDB32E /* Home.swift in Sources */ = {isa = PBXBuildFile; fileRef = FF7FAE15258006FD00FDB32E /* Home.swift */; };
		FF7FAE3E25815B0600FDB32E /* .gitignore in Resources */ = {isa = PBXBuildFile; fileRef = FF7FAE3D25815B0600FDB32E /* .gitignore */; };
		FFBEE38E253CE419001EF94F /* Loading.swift in Sources */ = {isa = PBXBuildFile; fileRef = FFBEE38D253CE419001EF94F /* Loading.swift */; };
		FFDFC6E0251FCEBA0088190E /* Online_PrintingApp.swift in Sources */ = {isa = PBXBuildFile; fileRef = FFDFC6DF251FCEBA0088190E /* Online_PrintingApp.swift */; };
		FFDFC6E2251FCEBA0088190E /* ContentView.swift in Sources */ = {isa = PBXBuildFile; fileRef = FFDFC6E1251FCEBA0088190E /* ContentView.swift */; };
		FFDFC6E4251FCEBB0088190E /* Assets.xcassets in Resources */ = {isa = PBXBuildFile; fileRef = FFDFC6E3251FCEBB0088190E /* Assets.xcassets */; };
		FFDFC6E7251FCEBB0088190E /* Preview Assets.xcassets in Resources */ = {isa = PBXBuildFile; fileRef = FFDFC6E6251FCEBB0088190E /* Preview Assets.xcassets */; };
		FFDFC6F2251FCEBC0088190E /* Online_PrintingTests.swift in Sources */ = {isa = PBXBuildFile; fileRef = FFDFC6F1251FCEBC0088190E /* Online_PrintingTests.swift */; };
		FFDFC6FD251FCEBC0088190E /* Online_PrintingUITests.swift in Sources */ = {isa = PBXBuildFile; fileRef = FFDFC6FC251FCEBC0088190E /* Online_PrintingUITests.swift */; };
		FFDFC711251FCFF40088190E /* GoogleService-Info.plist in Resources */ = {isa = PBXBuildFile; fileRef = FFDFC710251FCFF40088190E /* GoogleService-Info.plist */; };
/* End PBXBuildFile section */

/* Begin PBXContainerItemProxy section */
		FFDFC6EE251FCEBC0088190E /* PBXContainerItemProxy */ = {
			isa = PBXContainerItemProxy;
			containerPortal = FFDFC6D4251FCEBA0088190E /* Project object */;
			proxyType = 1;
			remoteGlobalIDString = FFDFC6DB251FCEBA0088190E;
			remoteInfo = "Online Printing";
		};
		FFDFC6F9251FCEBC0088190E /* PBXContainerItemProxy */ = {
			isa = PBXContainerItemProxy;
			containerPortal = FFDFC6D4251FCEBA0088190E /* Project object */;
			proxyType = 1;
			remoteGlobalIDString = FFDFC6DB251FCEBA0088190E;
			remoteInfo = "Online Printing";
		};
/* End PBXContainerItemProxy section */

/* Begin PBXFileReference section */
		113B6C4B07DB4231F889CDE9 /* Pods-Online Printing-Online PrintingUITests.debug.xcconfig */ = {isa = PBXFileReference; includeInIndex = 1; lastKnownFileType = text.xcconfig; name = "Pods-Online Printing-Online PrintingUITests.debug.xcconfig"; path = "Target Support Files/Pods-Online Printing-Online PrintingUITests/Pods-Online Printing-Online PrintingUITests.debug.xcconfig"; sourceTree = "<group>"; };
		518CDF9129BA174007B23681 /* Pods-Online Printing.debug.xcconfig */ = {isa = PBXFileReference; includeInIndex = 1; lastKnownFileType = text.xcconfig; name = "Pods-Online Printing.debug.xcconfig"; path = "Target Support Files/Pods-Online Printing/Pods-Online Printing.debug.xcconfig"; sourceTree = "<group>"; };
		6164F130AD2872ABA0B74BBC /* Pods_Online_Printing.framework */ = {isa = PBXFileReference; explicitFileType = wrapper.framework; includeInIndex = 0; path = Pods_Online_Printing.framework; sourceTree = BUILT_PRODUCTS_DIR; };
		8591CCA7E75EE580177357A3 /* Pods-Online PrintingTests.debug.xcconfig */ = {isa = PBXFileReference; includeInIndex = 1; lastKnownFileType = text.xcconfig; name = "Pods-Online PrintingTests.debug.xcconfig"; path = "Target Support Files/Pods-Online PrintingTests/Pods-Online PrintingTests.debug.xcconfig"; sourceTree = "<group>"; };
		A1CD0B7A92EBD97CF24B0E8C /* Pods-Online Printing-Online PrintingUITests.release.xcconfig */ = {isa = PBXFileReference; includeInIndex = 1; lastKnownFileType = text.xcconfig; name = "Pods-Online Printing-Online PrintingUITests.release.xcconfig"; path = "Target Support Files/Pods-Online Printing-Online PrintingUITests/Pods-Online Printing-Online PrintingUITests.release.xcconfig"; sourceTree = "<group>"; };
		AB20375C36A46A52556596F5 /* Pods_Online_Printing_Online_PrintingUITests.framework */ = {isa = PBXFileReference; explicitFileType = wrapper.framework; includeInIndex = 0; path = Pods_Online_Printing_Online_PrintingUITests.framework; sourceTree = BUILT_PRODUCTS_DIR; };
		C9906A1E34D8DD52E95D70C4 /* Pods_Online_PrintingTests.framework */ = {isa = PBXFileReference; explicitFileType = wrapper.framework; includeInIndex = 0; path = Pods_Online_PrintingTests.framework; sourceTree = BUILT_PRODUCTS_DIR; };
		E45C7144BB315668551F82AE /* Pods-Online PrintingTests.release.xcconfig */ = {isa = PBXFileReference; includeInIndex = 1; lastKnownFileType = text.xcconfig; name = "Pods-Online PrintingTests.release.xcconfig"; path = "Target Support Files/Pods-Online PrintingTests/Pods-Online PrintingTests.release.xcconfig"; sourceTree = "<group>"; };
		F5915100FB2ABB41A7170C5F /* Pods-Online Printing.release.xcconfig */ = {isa = PBXFileReference; includeInIndex = 1; lastKnownFileType = text.xcconfig; name = "Pods-Online Printing.release.xcconfig"; path = "Target Support Files/Pods-Online Printing/Pods-Online Printing.release.xcconfig"; sourceTree = "<group>"; };
		FF046541252FB90100D7460D /* HideRowSeparatorModifier.swift */ = {isa = PBXFileReference; lastKnownFileType = sourcecode.swift; path = HideRowSeparatorModifier.swift; sourceTree = "<group>"; };
		FF046547252FB96300D7460D /* SelectedCategory.swift */ = {isa = PBXFileReference; lastKnownFileType = sourcecode.swift; path = SelectedCategory.swift; sourceTree = "<group>"; };
		FF11E52F257E8E4B00ED4389 /* Dimensions.swift */ = {isa = PBXFileReference; lastKnownFileType = sourcecode.swift; path = Dimensions.swift; sourceTree = "<group>"; };
		FF11E53C257EC7D300ED4389 /* LaunchScreen.storyboard */ = {isa = PBXFileReference; lastKnownFileType = file.storyboard; path = LaunchScreen.storyboard; sourceTree = "<group>"; };
		FF1B451E2582809100A6E639 /* AuthView.swift */ = {isa = PBXFileReference; lastKnownFileType = sourcecode.swift; path = AuthView.swift; sourceTree = "<group>"; };
		FF1B4523258280AC00A6E639 /* AuthService.swift */ = {isa = PBXFileReference; lastKnownFileType = sourcecode.swift; path = AuthService.swift; sourceTree = "<group>"; };
		FF1B4528258280C500A6E639 /* AuthViewModel.swift */ = {isa = PBXFileReference; lastKnownFileType = sourcecode.swift; path = AuthViewModel.swift; sourceTree = "<group>"; };
		FF1B45302582974C00A6E639 /* AuthBackground.swift */ = {isa = PBXFileReference; lastKnownFileType = sourcecode.swift; path = AuthBackground.swift; sourceTree = "<group>"; };
		FF4136DB252FAFFF00345FF7 /* MainViewModel.swift */ = {isa = PBXFileReference; lastKnownFileType = sourcecode.swift; path = MainViewModel.swift; sourceTree = "<group>"; };
		FF4136E3252FB14500345FF7 /* SingleCategoryPreview.swift */ = {isa = PBXFileReference; lastKnownFileType = sourcecode.swift; path = SingleCategoryPreview.swift; sourceTree = "<group>"; };
		FF6405D8251FD1FB0062DA9B /* AppDelegate.swift */ = {isa = PBXFileReference; lastKnownFileType = sourcecode.swift; path = AppDelegate.swift; sourceTree = "<group>"; };
		FF6405E1251FD5C10062DA9B /* CategoryService.swift */ = {isa = PBXFileReference; lastKnownFileType = sourcecode.swift; path = CategoryService.swift; sourceTree = "<group>"; };
		FF6405E9251FD6070062DA9B /* CategoryModel.swift */ = {isa = PBXFileReference; lastKnownFileType = sourcecode.swift; path = CategoryModel.swift; sourceTree = "<group>"; };
		FF69EBF42567F33000939256 /* UploadViewModel.swift */ = {isa = PBXFileReference; lastKnownFileType = sourcecode.swift; path = UploadViewModel.swift; sourceTree = "<group>"; };
		FF69EBF92567F34900939256 /* UploadService.swift */ = {isa = PBXFileReference; lastKnownFileType = sourcecode.swift; path = UploadService.swift; sourceTree = "<group>"; };
		FF7FADFD257FE6B900FDB32E /* Cart.swift */ = {isa = PBXFileReference; lastKnownFileType = sourcecode.swift; path = Cart.swift; sourceTree = "<group>"; };
		FF7FAE0D2580052A00FDB32E /* CartItemModel.swift */ = {isa = PBXFileReference; lastKnownFileType = sourcecode.swift; path = CartItemModel.swift; sourceTree = "<group>"; };
		FF7FAE15258006FD00FDB32E /* Home.swift */ = {isa = PBXFileReference; lastKnownFileType = sourcecode.swift; path = Home.swift; sourceTree = "<group>"; };
		FF7FAE3D25815B0600FDB32E /* .gitignore */ = {isa = PBXFileReference; lastKnownFileType = text; path = .gitignore; sourceTree = "<group>"; };
		FFBEE38D253CE419001EF94F /* Loading.swift */ = {isa = PBXFileReference; lastKnownFileType = sourcecode.swift; path = Loading.swift; sourceTree = "<group>"; };
		FFDFC6DC251FCEBA0088190E /* Online Printing.app */ = {isa = PBXFileReference; explicitFileType = wrapper.application; includeInIndex = 0; path = "Online Printing.app"; sourceTree = BUILT_PRODUCTS_DIR; };
		FFDFC6DF251FCEBA0088190E /* Online_PrintingApp.swift */ = {isa = PBXFileReference; lastKnownFileType = sourcecode.swift; path = Online_PrintingApp.swift; sourceTree = "<group>"; };
		FFDFC6E1251FCEBA0088190E /* ContentView.swift */ = {isa = PBXFileReference; lastKnownFileType = sourcecode.swift; path = ContentView.swift; sourceTree = "<group>"; };
		FFDFC6E3251FCEBB0088190E /* Assets.xcassets */ = {isa = PBXFileReference; lastKnownFileType = folder.assetcatalog; path = Assets.xcassets; sourceTree = "<group>"; };
		FFDFC6E6251FCEBB0088190E /* Preview Assets.xcassets */ = {isa = PBXFileReference; lastKnownFileType = folder.assetcatalog; path = "Preview Assets.xcassets"; sourceTree = "<group>"; };
		FFDFC6E8251FCEBB0088190E /* Info.plist */ = {isa = PBXFileReference; lastKnownFileType = text.plist.xml; path = Info.plist; sourceTree = "<group>"; };
		FFDFC6ED251FCEBC0088190E /* Online PrintingTests.xctest */ = {isa = PBXFileReference; explicitFileType = wrapper.cfbundle; includeInIndex = 0; path = "Online PrintingTests.xctest"; sourceTree = BUILT_PRODUCTS_DIR; };
		FFDFC6F1251FCEBC0088190E /* Online_PrintingTests.swift */ = {isa = PBXFileReference; lastKnownFileType = sourcecode.swift; path = Online_PrintingTests.swift; sourceTree = "<group>"; };
		FFDFC6F3251FCEBC0088190E /* Info.plist */ = {isa = PBXFileReference; lastKnownFileType = text.plist.xml; path = Info.plist; sourceTree = "<group>"; };
		FFDFC6F8251FCEBC0088190E /* Online PrintingUITests.xctest */ = {isa = PBXFileReference; explicitFileType = wrapper.cfbundle; includeInIndex = 0; path = "Online PrintingUITests.xctest"; sourceTree = BUILT_PRODUCTS_DIR; };
		FFDFC6FC251FCEBC0088190E /* Online_PrintingUITests.swift */ = {isa = PBXFileReference; lastKnownFileType = sourcecode.swift; path = Online_PrintingUITests.swift; sourceTree = "<group>"; };
		FFDFC6FE251FCEBC0088190E /* Info.plist */ = {isa = PBXFileReference; lastKnownFileType = text.plist.xml; path = Info.plist; sourceTree = "<group>"; };
		FFDFC710251FCFF40088190E /* GoogleService-Info.plist */ = {isa = PBXFileReference; fileEncoding = 4; lastKnownFileType = text.plist.xml; path = "GoogleService-Info.plist"; sourceTree = "<group>"; };
/* End PBXFileReference section */

/* Begin PBXFrameworksBuildPhase section */
		FFDFC6D9251FCEBA0088190E /* Frameworks */ = {
			isa = PBXFrameworksBuildPhase;
			buildActionMask = 2147483647;
			files = (
				FF1B45372582A54B00A6E639 /* AlertX in Frameworks */,
				7A6BE8C92696ED6BC01DAC46 /* Pods_Online_Printing.framework in Frameworks */,
			);
			runOnlyForDeploymentPostprocessing = 0;
		};
		FFDFC6EA251FCEBC0088190E /* Frameworks */ = {
			isa = PBXFrameworksBuildPhase;
			buildActionMask = 2147483647;
			files = (
				FD9D3EFB58BB414F637FA602 /* Pods_Online_PrintingTests.framework in Frameworks */,
			);
			runOnlyForDeploymentPostprocessing = 0;
		};
		FFDFC6F5251FCEBC0088190E /* Frameworks */ = {
			isa = PBXFrameworksBuildPhase;
			buildActionMask = 2147483647;
			files = (
				22771CAD32B8F2311AB91A1C /* Pods_Online_Printing_Online_PrintingUITests.framework in Frameworks */,
			);
			runOnlyForDeploymentPostprocessing = 0;
		};
/* End PBXFrameworksBuildPhase section */

/* Begin PBXGroup section */
		541E2EF10DDCC986371CED53 /* Frameworks */ = {
			isa = PBXGroup;
			children = (
				6164F130AD2872ABA0B74BBC /* Pods_Online_Printing.framework */,
				AB20375C36A46A52556596F5 /* Pods_Online_Printing_Online_PrintingUITests.framework */,
				C9906A1E34D8DD52E95D70C4 /* Pods_Online_PrintingTests.framework */,
			);
			name = Frameworks;
			sourceTree = "<group>";
		};
		9C31D7ACCF45030B2106C1B4 /* Pods */ = {
			isa = PBXGroup;
			children = (
				518CDF9129BA174007B23681 /* Pods-Online Printing.debug.xcconfig */,
				F5915100FB2ABB41A7170C5F /* Pods-Online Printing.release.xcconfig */,
				113B6C4B07DB4231F889CDE9 /* Pods-Online Printing-Online PrintingUITests.debug.xcconfig */,
				A1CD0B7A92EBD97CF24B0E8C /* Pods-Online Printing-Online PrintingUITests.release.xcconfig */,
				8591CCA7E75EE580177357A3 /* Pods-Online PrintingTests.debug.xcconfig */,
				E45C7144BB315668551F82AE /* Pods-Online PrintingTests.release.xcconfig */,
			);
			path = Pods;
			sourceTree = "<group>";
		};
		FF046546252FB94000D7460D /* Utils */ = {
			isa = PBXGroup;
			children = (
				FF046541252FB90100D7460D /* HideRowSeparatorModifier.swift */,
			);
			path = Utils;
			sourceTree = "<group>";
		};
		FF6405DD251FD58C0062DA9B /* Views */ = {
			isa = PBXGroup;
			children = (
				FFDFC6E1251FCEBA0088190E /* ContentView.swift */,
				FF7FAE15258006FD00FDB32E /* Home.swift */,
				FF4136E3252FB14500345FF7 /* SingleCategoryPreview.swift */,
				FF046547252FB96300D7460D /* SelectedCategory.swift */,
				FF7FADFD257FE6B900FDB32E /* Cart.swift */,
				FF1B451E2582809100A6E639 /* AuthView.swift */,
				FF1B45302582974C00A6E639 /* AuthBackground.swift */,
				FFBEE38D253CE419001EF94F /* Loading.swift */,
			);
			path = Views;
			sourceTree = "<group>";
		};
		FF6405DE251FD5970062DA9B /* Models */ = {
			isa = PBXGroup;
			children = (
				FF6405E9251FD6070062DA9B /* CategoryModel.swift */,
				FF11E52F257E8E4B00ED4389 /* Dimensions.swift */,
				FF7FAE0D2580052A00FDB32E /* CartItemModel.swift */,
			);
			path = Models;
			sourceTree = "<group>";
		};
		FF6405DF251FD59C0062DA9B /* Services */ = {
			isa = PBXGroup;
			children = (
				FF6405E1251FD5C10062DA9B /* CategoryService.swift */,
				FF69EBF92567F34900939256 /* UploadService.swift */,
				FF1B4523258280AC00A6E639 /* AuthService.swift */,
			);
			path = Services;
			sourceTree = "<group>";
		};
		FF6405E0251FD5B30062DA9B /* ViewModels */ = {
			isa = PBXGroup;
			children = (
				FF4136DB252FAFFF00345FF7 /* MainViewModel.swift */,
				FF69EBF42567F33000939256 /* UploadViewModel.swift */,
				FF1B4528258280C500A6E639 /* AuthViewModel.swift */,
			);
			path = ViewModels;
			sourceTree = "<group>";
		};
		FFDFC6D3251FCEBA0088190E = {
			isa = PBXGroup;
			children = (
				FF7FAE3D25815B0600FDB32E /* .gitignore */,
				FFDFC6DE251FCEBA0088190E /* Online Printing */,
				FFDFC6F0251FCEBC0088190E /* Online PrintingTests */,
				FFDFC6FB251FCEBC0088190E /* Online PrintingUITests */,
				FFDFC6DD251FCEBA0088190E /* Products */,
				9C31D7ACCF45030B2106C1B4 /* Pods */,
				541E2EF10DDCC986371CED53 /* Frameworks */,
			);
			sourceTree = "<group>";
		};
		FFDFC6DD251FCEBA0088190E /* Products */ = {
			isa = PBXGroup;
			children = (
				FFDFC6DC251FCEBA0088190E /* Online Printing.app */,
				FFDFC6ED251FCEBC0088190E /* Online PrintingTests.xctest */,
				FFDFC6F8251FCEBC0088190E /* Online PrintingUITests.xctest */,
			);
			name = Products;
			sourceTree = "<group>";
		};
		FFDFC6DE251FCEBA0088190E /* Online Printing */ = {
			isa = PBXGroup;
			children = (
				FF046546252FB94000D7460D /* Utils */,
				FF6405E0251FD5B30062DA9B /* ViewModels */,
				FF6405DF251FD59C0062DA9B /* Services */,
				FF6405DE251FD5970062DA9B /* Models */,
				FF6405DD251FD58C0062DA9B /* Views */,
				FFDFC6DF251FCEBA0088190E /* Online_PrintingApp.swift */,
				FFDFC6E3251FCEBB0088190E /* Assets.xcassets */,
				FFDFC710251FCFF40088190E /* GoogleService-Info.plist */,
				FFDFC6E8251FCEBB0088190E /* Info.plist */,
				FFDFC6E5251FCEBB0088190E /* Preview Content */,
				FF6405D8251FD1FB0062DA9B /* AppDelegate.swift */,
				FF11E53C257EC7D300ED4389 /* LaunchScreen.storyboard */,
			);
			path = "Online Printing";
			sourceTree = "<group>";
		};
		FFDFC6E5251FCEBB0088190E /* Preview Content */ = {
			isa = PBXGroup;
			children = (
				FFDFC6E6251FCEBB0088190E /* Preview Assets.xcassets */,
			);
			path = "Preview Content";
			sourceTree = "<group>";
		};
		FFDFC6F0251FCEBC0088190E /* Online PrintingTests */ = {
			isa = PBXGroup;
			children = (
				FFDFC6F1251FCEBC0088190E /* Online_PrintingTests.swift */,
				FFDFC6F3251FCEBC0088190E /* Info.plist */,
			);
			path = "Online PrintingTests";
			sourceTree = "<group>";
		};
		FFDFC6FB251FCEBC0088190E /* Online PrintingUITests */ = {
			isa = PBXGroup;
			children = (
				FFDFC6FC251FCEBC0088190E /* Online_PrintingUITests.swift */,
				FFDFC6FE251FCEBC0088190E /* Info.plist */,
			);
			path = "Online PrintingUITests";
			sourceTree = "<group>";
		};
/* End PBXGroup section */

/* Begin PBXNativeTarget section */
		FFDFC6DB251FCEBA0088190E /* Online Printing */ = {
			isa = PBXNativeTarget;
			buildConfigurationList = FFDFC701251FCEBC0088190E /* Build configuration list for PBXNativeTarget "Online Printing" */;
			buildPhases = (
				193E318932F5A1968D79B243 /* [CP] Check Pods Manifest.lock */,
				FFDFC6D8251FCEBA0088190E /* Sources */,
				FFDFC6D9251FCEBA0088190E /* Frameworks */,
				FFDFC6DA251FCEBA0088190E /* Resources */,
				8125DD7DD6A6F9BEF6F5C2B4 /* [CP] Embed Pods Frameworks */,
			);
			buildRules = (
			);
			dependencies = (
			);
			name = "Online Printing";
			packageProductDependencies = (
				FF1B45362582A54B00A6E639 /* AlertX */,
			);
			productName = "Online Printing";
			productReference = FFDFC6DC251FCEBA0088190E /* Online Printing.app */;
			productType = "com.apple.product-type.application";
		};
		FFDFC6EC251FCEBC0088190E /* Online PrintingTests */ = {
			isa = PBXNativeTarget;
			buildConfigurationList = FFDFC704251FCEBC0088190E /* Build configuration list for PBXNativeTarget "Online PrintingTests" */;
			buildPhases = (
				45315D24C78FCB2CCEE64FE6 /* [CP] Check Pods Manifest.lock */,
				FFDFC6E9251FCEBC0088190E /* Sources */,
				FFDFC6EA251FCEBC0088190E /* Frameworks */,
				FFDFC6EB251FCEBC0088190E /* Resources */,
			);
			buildRules = (
			);
			dependencies = (
				FFDFC6EF251FCEBC0088190E /* PBXTargetDependency */,
			);
			name = "Online PrintingTests";
			productName = "Online PrintingTests";
			productReference = FFDFC6ED251FCEBC0088190E /* Online PrintingTests.xctest */;
			productType = "com.apple.product-type.bundle.unit-test";
		};
		FFDFC6F7251FCEBC0088190E /* Online PrintingUITests */ = {
			isa = PBXNativeTarget;
			buildConfigurationList = FFDFC707251FCEBC0088190E /* Build configuration list for PBXNativeTarget "Online PrintingUITests" */;
			buildPhases = (
				91E60FF18D1B24D92DBCF1D6 /* [CP] Check Pods Manifest.lock */,
				FFDFC6F4251FCEBC0088190E /* Sources */,
				FFDFC6F5251FCEBC0088190E /* Frameworks */,
				FFDFC6F6251FCEBC0088190E /* Resources */,
				B56DF75601BC805FF61FA672 /* [CP] Embed Pods Frameworks */,
			);
			buildRules = (
			);
			dependencies = (
				FFDFC6FA251FCEBC0088190E /* PBXTargetDependency */,
			);
			name = "Online PrintingUITests";
			productName = "Online PrintingUITests";
			productReference = FFDFC6F8251FCEBC0088190E /* Online PrintingUITests.xctest */;
			productType = "com.apple.product-type.bundle.ui-testing";
		};
/* End PBXNativeTarget section */

/* Begin PBXProject section */
		FFDFC6D4251FCEBA0088190E /* Project object */ = {
			isa = PBXProject;
			attributes = {
				LastSwiftUpdateCheck = 1200;
				LastUpgradeCheck = 1200;
				TargetAttributes = {
					FFDFC6DB251FCEBA0088190E = {
						CreatedOnToolsVersion = 12.0;
					};
					FFDFC6EC251FCEBC0088190E = {
						CreatedOnToolsVersion = 12.0;
						TestTargetID = FFDFC6DB251FCEBA0088190E;
					};
					FFDFC6F7251FCEBC0088190E = {
						CreatedOnToolsVersion = 12.0;
						TestTargetID = FFDFC6DB251FCEBA0088190E;
					};
				};
			};
			buildConfigurationList = FFDFC6D7251FCEBA0088190E /* Build configuration list for PBXProject "Online Printing" */;
			compatibilityVersion = "Xcode 9.3";
			developmentRegion = en;
			hasScannedForEncodings = 0;
			knownRegions = (
				en,
				Base,
			);
			mainGroup = FFDFC6D3251FCEBA0088190E;
			packageReferences = (
				FF1B45352582A54B00A6E639 /* XCRemoteSwiftPackageReference "AlertX" */,
			);
			productRefGroup = FFDFC6DD251FCEBA0088190E /* Products */;
			projectDirPath = "";
			projectRoot = "";
			targets = (
				FFDFC6DB251FCEBA0088190E /* Online Printing */,
				FFDFC6EC251FCEBC0088190E /* Online PrintingTests */,
				FFDFC6F7251FCEBC0088190E /* Online PrintingUITests */,
			);
		};
/* End PBXProject section */

/* Begin PBXResourcesBuildPhase section */
		FFDFC6DA251FCEBA0088190E /* Resources */ = {
			isa = PBXResourcesBuildPhase;
			buildActionMask = 2147483647;
			files = (
				FF7FAE3E25815B0600FDB32E /* .gitignore in Resources */,
				FFDFC6E7251FCEBB0088190E /* Preview Assets.xcassets in Resources */,
				FF11E53D257EC7D300ED4389 /* LaunchScreen.storyboard in Resources */,
				FFDFC6E4251FCEBB0088190E /* Assets.xcassets in Resources */,
				FFDFC711251FCFF40088190E /* GoogleService-Info.plist in Resources */,
			);
			runOnlyForDeploymentPostprocessing = 0;
		};
		FFDFC6EB251FCEBC0088190E /* Resources */ = {
			isa = PBXResourcesBuildPhase;
			buildActionMask = 2147483647;
			files = (
			);
			runOnlyForDeploymentPostprocessing = 0;
		};
		FFDFC6F6251FCEBC0088190E /* Resources */ = {
			isa = PBXResourcesBuildPhase;
			buildActionMask = 2147483647;
			files = (
			);
			runOnlyForDeploymentPostprocessing = 0;
		};
/* End PBXResourcesBuildPhase section */

/* Begin PBXShellScriptBuildPhase section */
		193E318932F5A1968D79B243 /* [CP] Check Pods Manifest.lock */ = {
			isa = PBXShellScriptBuildPhase;
			buildActionMask = 2147483647;
			files = (
			);
			inputFileListPaths = (
			);
			inputPaths = (
				"${PODS_PODFILE_DIR_PATH}/Podfile.lock",
				"${PODS_ROOT}/Manifest.lock",
			);
			name = "[CP] Check Pods Manifest.lock";
			outputFileListPaths = (
			);
			outputPaths = (
				"$(DERIVED_FILE_DIR)/Pods-Online Printing-checkManifestLockResult.txt",
			);
			runOnlyForDeploymentPostprocessing = 0;
			shellPath = /bin/sh;
			shellScript = "diff \"${PODS_PODFILE_DIR_PATH}/Podfile.lock\" \"${PODS_ROOT}/Manifest.lock\" > /dev/null\nif [ $? != 0 ] ; then\n    # print error to STDERR\n    echo \"error: The sandbox is not in sync with the Podfile.lock. Run 'pod install' or update your CocoaPods installation.\" >&2\n    exit 1\nfi\n# This output is used by Xcode 'outputs' to avoid re-running this script phase.\necho \"SUCCESS\" > \"${SCRIPT_OUTPUT_FILE_0}\"\n";
			showEnvVarsInLog = 0;
		};
		45315D24C78FCB2CCEE64FE6 /* [CP] Check Pods Manifest.lock */ = {
			isa = PBXShellScriptBuildPhase;
			buildActionMask = 2147483647;
			files = (
			);
			inputFileListPaths = (
			);
			inputPaths = (
				"${PODS_PODFILE_DIR_PATH}/Podfile.lock",
				"${PODS_ROOT}/Manifest.lock",
			);
			name = "[CP] Check Pods Manifest.lock";
			outputFileListPaths = (
			);
			outputPaths = (
				"$(DERIVED_FILE_DIR)/Pods-Online PrintingTests-checkManifestLockResult.txt",
			);
			runOnlyForDeploymentPostprocessing = 0;
			shellPath = /bin/sh;
			shellScript = "diff \"${PODS_PODFILE_DIR_PATH}/Podfile.lock\" \"${PODS_ROOT}/Manifest.lock\" > /dev/null\nif [ $? != 0 ] ; then\n    # print error to STDERR\n    echo \"error: The sandbox is not in sync with the Podfile.lock. Run 'pod install' or update your CocoaPods installation.\" >&2\n    exit 1\nfi\n# This output is used by Xcode 'outputs' to avoid re-running this script phase.\necho \"SUCCESS\" > \"${SCRIPT_OUTPUT_FILE_0}\"\n";
			showEnvVarsInLog = 0;
		};
		8125DD7DD6A6F9BEF6F5C2B4 /* [CP] Embed Pods Frameworks */ = {
			isa = PBXShellScriptBuildPhase;
			buildActionMask = 2147483647;
			files = (
			);
			inputFileListPaths = (
				"${PODS_ROOT}/Target Support Files/Pods-Online Printing/Pods-Online Printing-frameworks-${CONFIGURATION}-input-files.xcfilelist",
			);
			name = "[CP] Embed Pods Frameworks";
			outputFileListPaths = (
				"${PODS_ROOT}/Target Support Files/Pods-Online Printing/Pods-Online Printing-frameworks-${CONFIGURATION}-output-files.xcfilelist",
			);
			runOnlyForDeploymentPostprocessing = 0;
			shellPath = /bin/sh;
			shellScript = "\"${PODS_ROOT}/Target Support Files/Pods-Online Printing/Pods-Online Printing-frameworks.sh\"\n";
			showEnvVarsInLog = 0;
		};
		91E60FF18D1B24D92DBCF1D6 /* [CP] Check Pods Manifest.lock */ = {
			isa = PBXShellScriptBuildPhase;
			buildActionMask = 2147483647;
			files = (
			);
			inputFileListPaths = (
			);
			inputPaths = (
				"${PODS_PODFILE_DIR_PATH}/Podfile.lock",
				"${PODS_ROOT}/Manifest.lock",
			);
			name = "[CP] Check Pods Manifest.lock";
			outputFileListPaths = (
			);
			outputPaths = (
				"$(DERIVED_FILE_DIR)/Pods-Online Printing-Online PrintingUITests-checkManifestLockResult.txt",
			);
			runOnlyForDeploymentPostprocessing = 0;
			shellPath = /bin/sh;
			shellScript = "diff \"${PODS_PODFILE_DIR_PATH}/Podfile.lock\" \"${PODS_ROOT}/Manifest.lock\" > /dev/null\nif [ $? != 0 ] ; then\n    # print error to STDERR\n    echo \"error: The sandbox is not in sync with the Podfile.lock. Run 'pod install' or update your CocoaPods installation.\" >&2\n    exit 1\nfi\n# This output is used by Xcode 'outputs' to avoid re-running this script phase.\necho \"SUCCESS\" > \"${SCRIPT_OUTPUT_FILE_0}\"\n";
			showEnvVarsInLog = 0;
		};
		B56DF75601BC805FF61FA672 /* [CP] Embed Pods Frameworks */ = {
			isa = PBXShellScriptBuildPhase;
			buildActionMask = 2147483647;
			files = (
			);
			inputFileListPaths = (
				"${PODS_ROOT}/Target Support Files/Pods-Online Printing-Online PrintingUITests/Pods-Online Printing-Online PrintingUITests-frameworks-${CONFIGURATION}-input-files.xcfilelist",
			);
			name = "[CP] Embed Pods Frameworks";
			outputFileListPaths = (
				"${PODS_ROOT}/Target Support Files/Pods-Online Printing-Online PrintingUITests/Pods-Online Printing-Online PrintingUITests-frameworks-${CONFIGURATION}-output-files.xcfilelist",
			);
			runOnlyForDeploymentPostprocessing = 0;
			shellPath = /bin/sh;
			shellScript = "\"${PODS_ROOT}/Target Support Files/Pods-Online Printing-Online PrintingUITests/Pods-Online Printing-Online PrintingUITests-frameworks.sh\"\n";
			showEnvVarsInLog = 0;
		};
/* End PBXShellScriptBuildPhase section */

/* Begin PBXSourcesBuildPhase section */
		FFDFC6D8251FCEBA0088190E /* Sources */ = {
			isa = PBXSourcesBuildPhase;
			buildActionMask = 2147483647;
			files = (
				FF6405D9251FD1FB0062DA9B /* AppDelegate.swift in Sources */,
				FF69EBF52567F33000939256 /* UploadViewModel.swift in Sources */,
				FF046548252FB96300D7460D /* SelectedCategory.swift in Sources */,
				FF1B4524258280AC00A6E639 /* AuthService.swift in Sources */,
				FFBEE38E253CE419001EF94F /* Loading.swift in Sources */,
				FF1B45312582974C00A6E639 /* AuthBackground.swift in Sources */,
				FFDFC6E2251FCEBA0088190E /* ContentView.swift in Sources */,
				FF1B4529258280C500A6E639 /* AuthViewModel.swift in Sources */,
				FF7FAE16258006FD00FDB32E /* Home.swift in Sources */,
				FF4136E4252FB14500345FF7 /* SingleCategoryPreview.swift in Sources */,
				FF046542252FB90100D7460D /* HideRowSeparatorModifier.swift in Sources */,
				FF7FAE0E2580052A00FDB32E /* CartItemModel.swift in Sources */,
				FFDFC6E0251FCEBA0088190E /* Online_PrintingApp.swift in Sources */,
				FF6405EA251FD6070062DA9B /* CategoryModel.swift in Sources */,
				FF69EBFA2567F34900939256 /* UploadService.swift in Sources */,
				FF4136DC252FAFFF00345FF7 /* MainViewModel.swift in Sources */,
				FF7FADFE257FE6B900FDB32E /* Cart.swift in Sources */,
				FF1B451F2582809100A6E639 /* AuthView.swift in Sources */,
				FF11E530257E8E4B00ED4389 /* Dimensions.swift in Sources */,
				FF6405E2251FD5C10062DA9B /* CategoryService.swift in Sources */,
			);
			runOnlyForDeploymentPostprocessing = 0;
		};
		FFDFC6E9251FCEBC0088190E /* Sources */ = {
			isa = PBXSourcesBuildPhase;
			buildActionMask = 2147483647;
			files = (
				FFDFC6F2251FCEBC0088190E /* Online_PrintingTests.swift in Sources */,
			);
			runOnlyForDeploymentPostprocessing = 0;
		};
		FFDFC6F4251FCEBC0088190E /* Sources */ = {
			isa = PBXSourcesBuildPhase;
			buildActionMask = 2147483647;
			files = (
				FFDFC6FD251FCEBC0088190E /* Online_PrintingUITests.swift in Sources */,
			);
			runOnlyForDeploymentPostprocessing = 0;
		};
/* End PBXSourcesBuildPhase section */

/* Begin PBXTargetDependency section */
		FFDFC6EF251FCEBC0088190E /* PBXTargetDependency */ = {
			isa = PBXTargetDependency;
			target = FFDFC6DB251FCEBA0088190E /* Online Printing */;
			targetProxy = FFDFC6EE251FCEBC0088190E /* PBXContainerItemProxy */;
		};
		FFDFC6FA251FCEBC0088190E /* PBXTargetDependency */ = {
			isa = PBXTargetDependency;
			target = FFDFC6DB251FCEBA0088190E /* Online Printing */;
			targetProxy = FFDFC6F9251FCEBC0088190E /* PBXContainerItemProxy */;
		};
/* End PBXTargetDependency section */

/* Begin XCBuildConfiguration section */
		FFDFC6FF251FCEBC0088190E /* Debug */ = {
			isa = XCBuildConfiguration;
			buildSettings = {
				ALWAYS_SEARCH_USER_PATHS = NO;
				CLANG_ANALYZER_NONNULL = YES;
				CLANG_ANALYZER_NUMBER_OBJECT_CONVERSION = YES_AGGRESSIVE;
				CLANG_CXX_LANGUAGE_STANDARD = "gnu++14";
				CLANG_CXX_LIBRARY = "libc++";
				CLANG_ENABLE_MODULES = YES;
				CLANG_ENABLE_OBJC_ARC = YES;
				CLANG_ENABLE_OBJC_WEAK = YES;
				CLANG_WARN_BLOCK_CAPTURE_AUTORELEASING = YES;
				CLANG_WARN_BOOL_CONVERSION = YES;
				CLANG_WARN_COMMA = YES;
				CLANG_WARN_CONSTANT_CONVERSION = YES;
				CLANG_WARN_DEPRECATED_OBJC_IMPLEMENTATIONS = YES;
				CLANG_WARN_DIRECT_OBJC_ISA_USAGE = YES_ERROR;
				CLANG_WARN_DOCUMENTATION_COMMENTS = YES;
				CLANG_WARN_EMPTY_BODY = YES;
				CLANG_WARN_ENUM_CONVERSION = YES;
				CLANG_WARN_INFINITE_RECURSION = YES;
				CLANG_WARN_INT_CONVERSION = YES;
				CLANG_WARN_NON_LITERAL_NULL_CONVERSION = YES;
				CLANG_WARN_OBJC_IMPLICIT_RETAIN_SELF = YES;
				CLANG_WARN_OBJC_LITERAL_CONVERSION = YES;
				CLANG_WARN_OBJC_ROOT_CLASS = YES_ERROR;
				CLANG_WARN_QUOTED_INCLUDE_IN_FRAMEWORK_HEADER = YES;
				CLANG_WARN_RANGE_LOOP_ANALYSIS = YES;
				CLANG_WARN_STRICT_PROTOTYPES = YES;
				CLANG_WARN_SUSPICIOUS_MOVE = YES;
				CLANG_WARN_UNGUARDED_AVAILABILITY = YES_AGGRESSIVE;
				CLANG_WARN_UNREACHABLE_CODE = YES;
				CLANG_WARN__DUPLICATE_METHOD_MATCH = YES;
				COPY_PHASE_STRIP = NO;
				DEBUG_INFORMATION_FORMAT = dwarf;
				ENABLE_STRICT_OBJC_MSGSEND = YES;
				ENABLE_TESTABILITY = YES;
				GCC_C_LANGUAGE_STANDARD = gnu11;
				GCC_DYNAMIC_NO_PIC = NO;
				GCC_NO_COMMON_BLOCKS = YES;
				GCC_OPTIMIZATION_LEVEL = 0;
				GCC_PREPROCESSOR_DEFINITIONS = (
					"DEBUG=1",
					"$(inherited)",
				);
				GCC_WARN_64_TO_32_BIT_CONVERSION = YES;
				GCC_WARN_ABOUT_RETURN_TYPE = YES_ERROR;
				GCC_WARN_UNDECLARED_SELECTOR = YES;
				GCC_WARN_UNINITIALIZED_AUTOS = YES_AGGRESSIVE;
				GCC_WARN_UNUSED_FUNCTION = YES;
				GCC_WARN_UNUSED_VARIABLE = YES;
				IPHONEOS_DEPLOYMENT_TARGET = 14.0;
				MTL_ENABLE_DEBUG_INFO = INCLUDE_SOURCE;
				MTL_FAST_MATH = YES;
				ONLY_ACTIVE_ARCH = YES;
				SDKROOT = iphoneos;
				SWIFT_ACTIVE_COMPILATION_CONDITIONS = DEBUG;
				SWIFT_OPTIMIZATION_LEVEL = "-Onone";
			};
			name = Debug;
		};
		FFDFC700251FCEBC0088190E /* Release */ = {
			isa = XCBuildConfiguration;
			buildSettings = {
				ALWAYS_SEARCH_USER_PATHS = NO;
				CLANG_ANALYZER_NONNULL = YES;
				CLANG_ANALYZER_NUMBER_OBJECT_CONVERSION = YES_AGGRESSIVE;
				CLANG_CXX_LANGUAGE_STANDARD = "gnu++14";
				CLANG_CXX_LIBRARY = "libc++";
				CLANG_ENABLE_MODULES = YES;
				CLANG_ENABLE_OBJC_ARC = YES;
				CLANG_ENABLE_OBJC_WEAK = YES;
				CLANG_WARN_BLOCK_CAPTURE_AUTORELEASING = YES;
				CLANG_WARN_BOOL_CONVERSION = YES;
				CLANG_WARN_COMMA = YES;
				CLANG_WARN_CONSTANT_CONVERSION = YES;
				CLANG_WARN_DEPRECATED_OBJC_IMPLEMENTATIONS = YES;
				CLANG_WARN_DIRECT_OBJC_ISA_USAGE = YES_ERROR;
				CLANG_WARN_DOCUMENTATION_COMMENTS = YES;
				CLANG_WARN_EMPTY_BODY = YES;
				CLANG_WARN_ENUM_CONVERSION = YES;
				CLANG_WARN_INFINITE_RECURSION = YES;
				CLANG_WARN_INT_CONVERSION = YES;
				CLANG_WARN_NON_LITERAL_NULL_CONVERSION = YES;
				CLANG_WARN_OBJC_IMPLICIT_RETAIN_SELF = YES;
				CLANG_WARN_OBJC_LITERAL_CONVERSION = YES;
				CLANG_WARN_OBJC_ROOT_CLASS = YES_ERROR;
				CLANG_WARN_QUOTED_INCLUDE_IN_FRAMEWORK_HEADER = YES;
				CLANG_WARN_RANGE_LOOP_ANALYSIS = YES;
				CLANG_WARN_STRICT_PROTOTYPES = YES;
				CLANG_WARN_SUSPICIOUS_MOVE = YES;
				CLANG_WARN_UNGUARDED_AVAILABILITY = YES_AGGRESSIVE;
				CLANG_WARN_UNREACHABLE_CODE = YES;
				CLANG_WARN__DUPLICATE_METHOD_MATCH = YES;
				COPY_PHASE_STRIP = NO;
				DEBUG_INFORMATION_FORMAT = "dwarf-with-dsym";
				ENABLE_NS_ASSERTIONS = NO;
				ENABLE_STRICT_OBJC_MSGSEND = YES;
				GCC_C_LANGUAGE_STANDARD = gnu11;
				GCC_NO_COMMON_BLOCKS = YES;
				GCC_WARN_64_TO_32_BIT_CONVERSION = YES;
				GCC_WARN_ABOUT_RETURN_TYPE = YES_ERROR;
				GCC_WARN_UNDECLARED_SELECTOR = YES;
				GCC_WARN_UNINITIALIZED_AUTOS = YES_AGGRESSIVE;
				GCC_WARN_UNUSED_FUNCTION = YES;
				GCC_WARN_UNUSED_VARIABLE = YES;
				IPHONEOS_DEPLOYMENT_TARGET = 14.0;
				MTL_ENABLE_DEBUG_INFO = NO;
				MTL_FAST_MATH = YES;
				SDKROOT = iphoneos;
				SWIFT_COMPILATION_MODE = wholemodule;
				SWIFT_OPTIMIZATION_LEVEL = "-O";
				VALIDATE_PRODUCT = YES;
			};
			name = Release;
		};
		FFDFC702251FCEBC0088190E /* Debug */ = {
			isa = XCBuildConfiguration;
			baseConfigurationReference = 518CDF9129BA174007B23681 /* Pods-Online Printing.debug.xcconfig */;
			buildSettings = {
				ASSETCATALOG_COMPILER_APPICON_NAME = "AppIcon-1";
				ASSETCATALOG_COMPILER_GLOBAL_ACCENT_COLOR_NAME = AccentColor;
				CODE_SIGN_STYLE = Automatic;
				DEVELOPMENT_ASSET_PATHS = "\"Online Printing/Preview Content\"";
				DEVELOPMENT_TEAM = 8GVVA24YR6;
				ENABLE_PREVIEWS = YES;
				INFOPLIST_FILE = "Online Printing/Info.plist";
				IPHONEOS_DEPLOYMENT_TARGET = 14.0;
				LD_RUNPATH_SEARCH_PATHS = (
					"$(inherited)",
					"@executable_path/Frameworks",
				);
				PRODUCT_BUNDLE_IDENTIFIER = "com.developer-xpn.store.Online-Printing";
				PRODUCT_NAME = "$(TARGET_NAME)";
				SWIFT_VERSION = 5.0;
				TARGETED_DEVICE_FAMILY = 1;
			};
			name = Debug;
		};
		FFDFC703251FCEBC0088190E /* Release */ = {
			isa = XCBuildConfiguration;
			baseConfigurationReference = F5915100FB2ABB41A7170C5F /* Pods-Online Printing.release.xcconfig */;
			buildSettings = {
				ASSETCATALOG_COMPILER_APPICON_NAME = "AppIcon-1";
				ASSETCATALOG_COMPILER_GLOBAL_ACCENT_COLOR_NAME = AccentColor;
				CODE_SIGN_STYLE = Automatic;
				DEVELOPMENT_ASSET_PATHS = "\"Online Printing/Preview Content\"";
				DEVELOPMENT_TEAM = 8GVVA24YR6;
				ENABLE_PREVIEWS = YES;
				INFOPLIST_FILE = "Online Printing/Info.plist";
				IPHONEOS_DEPLOYMENT_TARGET = 14.0;
				LD_RUNPATH_SEARCH_PATHS = (
					"$(inherited)",
					"@executable_path/Frameworks",
				);
				PRODUCT_BUNDLE_IDENTIFIER = "com.developer-xpn.store.Online-Printing";
				PRODUCT_NAME = "$(TARGET_NAME)";
				SWIFT_VERSION = 5.0;
				TARGETED_DEVICE_FAMILY = 1;
			};
			name = Release;
		};
		FFDFC705251FCEBC0088190E /* Debug */ = {
			isa = XCBuildConfiguration;
			baseConfigurationReference = 8591CCA7E75EE580177357A3 /* Pods-Online PrintingTests.debug.xcconfig */;
			buildSettings = {
				ALWAYS_EMBED_SWIFT_STANDARD_LIBRARIES = YES;
				BUNDLE_LOADER = "$(TEST_HOST)";
				CODE_SIGN_STYLE = Automatic;
				DEVELOPMENT_TEAM = 8GVVA24YR6;
				INFOPLIST_FILE = "Online PrintingTests/Info.plist";
				IPHONEOS_DEPLOYMENT_TARGET = 14.0;
				LD_RUNPATH_SEARCH_PATHS = (
					"$(inherited)",
					"@executable_path/Frameworks",
					"@loader_path/Frameworks",
				);
				PRODUCT_BUNDLE_IDENTIFIER = "com.developer.store.Online-PrintingTests";
				PRODUCT_NAME = "$(TARGET_NAME)";
				SWIFT_VERSION = 5.0;
				TARGETED_DEVICE_FAMILY = "1,2";
				TEST_HOST = "$(BUILT_PRODUCTS_DIR)/Online Printing.app/Online Printing";
			};
			name = Debug;
		};
		FFDFC706251FCEBC0088190E /* Release */ = {
			isa = XCBuildConfiguration;
			baseConfigurationReference = E45C7144BB315668551F82AE /* Pods-Online PrintingTests.release.xcconfig */;
			buildSettings = {
				ALWAYS_EMBED_SWIFT_STANDARD_LIBRARIES = YES;
				BUNDLE_LOADER = "$(TEST_HOST)";
				CODE_SIGN_STYLE = Automatic;
				DEVELOPMENT_TEAM = 8GVVA24YR6;
				INFOPLIST_FILE = "Online PrintingTests/Info.plist";
				IPHONEOS_DEPLOYMENT_TARGET = 14.0;
				LD_RUNPATH_SEARCH_PATHS = (
					"$(inherited)",
					"@executable_path/Frameworks",
					"@loader_path/Frameworks",
				);
				PRODUCT_BUNDLE_IDENTIFIER = "com.developer.store.Online-PrintingTests";
				PRODUCT_NAME = "$(TARGET_NAME)";
				SWIFT_VERSION = 5.0;
				TARGETED_DEVICE_FAMILY = "1,2";
				TEST_HOST = "$(BUILT_PRODUCTS_DIR)/Online Printing.app/Online Printing";
			};
			name = Release;
		};
		FFDFC708251FCEBC0088190E /* Debug */ = {
			isa = XCBuildConfiguration;
			baseConfigurationReference = 113B6C4B07DB4231F889CDE9 /* Pods-Online Printing-Online PrintingUITests.debug.xcconfig */;
			buildSettings = {
				ALWAYS_EMBED_SWIFT_STANDARD_LIBRARIES = YES;
				CODE_SIGN_STYLE = Automatic;
				DEVELOPMENT_TEAM = 8GVVA24YR6;
				INFOPLIST_FILE = "Online PrintingUITests/Info.plist";
				LD_RUNPATH_SEARCH_PATHS = (
					"$(inherited)",
					"@executable_path/Frameworks",
					"@loader_path/Frameworks",
				);
				PRODUCT_BUNDLE_IDENTIFIER = "com.developer.store.Online-PrintingUITests";
				PRODUCT_NAME = "$(TARGET_NAME)";
				SWIFT_VERSION = 5.0;
				TARGETED_DEVICE_FAMILY = "1,2";
				TEST_TARGET_NAME = "Online Printing";
			};
			name = Debug;
		};
		FFDFC709251FCEBC0088190E /* Release */ = {
			isa = XCBuildConfiguration;
			baseConfigurationReference = A1CD0B7A92EBD97CF24B0E8C /* Pods-Online Printing-Online PrintingUITests.release.xcconfig */;
			buildSettings = {
				ALWAYS_EMBED_SWIFT_STANDARD_LIBRARIES = YES;
				CODE_SIGN_STYLE = Automatic;
				DEVELOPMENT_TEAM = 8GVVA24YR6;
				INFOPLIST_FILE = "Online PrintingUITests/Info.plist";
				LD_RUNPATH_SEARCH_PATHS = (
					"$(inherited)",
					"@executable_path/Frameworks",
					"@loader_path/Frameworks",
				);
				PRODUCT_BUNDLE_IDENTIFIER = "com.developer.store.Online-PrintingUITests";
				PRODUCT_NAME = "$(TARGET_NAME)";
				SWIFT_VERSION = 5.0;
				TARGETED_DEVICE_FAMILY = "1,2";
				TEST_TARGET_NAME = "Online Printing";
			};
			name = Release;
		};
/* End XCBuildConfiguration section */

/* Begin XCConfigurationList section */
		FFDFC6D7251FCEBA0088190E /* Build configuration list for PBXProject "Online Printing" */ = {
			isa = XCConfigurationList;
			buildConfigurations = (
				FFDFC6FF251FCEBC0088190E /* Debug */,
				FFDFC700251FCEBC0088190E /* Release */,
			);
			defaultConfigurationIsVisible = 0;
			defaultConfigurationName = Release;
		};
		FFDFC701251FCEBC0088190E /* Build configuration list for PBXNativeTarget "Online Printing" */ = {
			isa = XCConfigurationList;
			buildConfigurations = (
				FFDFC702251FCEBC0088190E /* Debug */,
				FFDFC703251FCEBC0088190E /* Release */,
			);
			defaultConfigurationIsVisible = 0;
			defaultConfigurationName = Release;
		};
		FFDFC704251FCEBC0088190E /* Build configuration list for PBXNativeTarget "Online PrintingTests" */ = {
			isa = XCConfigurationList;
			buildConfigurations = (
				FFDFC705251FCEBC0088190E /* Debug */,
				FFDFC706251FCEBC0088190E /* Release */,
			);
			defaultConfigurationIsVisible = 0;
			defaultConfigurationName = Release;
		};
		FFDFC707251FCEBC0088190E /* Build configuration list for PBXNativeTarget "Online PrintingUITests" */ = {
			isa = XCConfigurationList;
			buildConfigurations = (
				FFDFC708251FCEBC0088190E /* Debug */,
				FFDFC709251FCEBC0088190E /* Release */,
			);
			defaultConfigurationIsVisible = 0;
			defaultConfigurationName = Release;
		};
/* End XCConfigurationList section */

/* Begin XCRemoteSwiftPackageReference section */
		FF1B45352582A54B00A6E639 /* XCRemoteSwiftPackageReference "AlertX" */ = {
			isa = XCRemoteSwiftPackageReference;
			repositoryURL = "https://github.com/neel-makhecha/AlertX.git";
			requirement = {
				kind = upToNextMajorVersion;
				minimumVersion = 1.1.1;
			};
		};
/* End XCRemoteSwiftPackageReference section */

/* Begin XCSwiftPackageProductDependency section */
		FF1B45362582A54B00A6E639 /* AlertX */ = {
			isa = XCSwiftPackageProductDependency;
			package = FF1B45352582A54B00A6E639 /* XCRemoteSwiftPackageReference "AlertX" */;
			productName = AlertX;
		};
/* End XCSwiftPackageProductDependency section */
	};
	rootObject = FFDFC6D4251FCEBA0088190E /* Project object */;
}
